// !$*UTF8*$!
{
	archiveVersion = 1;
	classes = {
	};
	objectVersion = 55;
	objects = {

/* Begin PBXBuildFile section */
		66B5AFB727911D0000D9ADE0 /* iBMRApp.swift in Sources */ = {isa = PBXBuildFile; fileRef = 66B5AFB627911D0000D9ADE0 /* iBMRApp.swift */; };
		66B5AFBB27911D0100D9ADE0 /* Assets.xcassets in Resources */ = {isa = PBXBuildFile; fileRef = 66B5AFBA27911D0100D9ADE0 /* Assets.xcassets */; };
		66B5AFBE27911D0100D9ADE0 /* Preview Assets.xcassets in Resources */ = {isa = PBXBuildFile; fileRef = 66B5AFBD27911D0100D9ADE0 /* Preview Assets.xcassets */; };
		B68DE005E1FD5EC0C114F6B1 /* Pods_iBMR.framework in Frameworks */ = {isa = PBXBuildFile; fileRef = 836AC080D1F6A33333834051 /* Pods_iBMR.framework */; };
		DA12AC2B279A4E5200D22AF6 /* GoogleService-Info.plist in Resources */ = {isa = PBXBuildFile; fileRef = DA12AC2A279A4E5200D22AF6 /* GoogleService-Info.plist */; };
		DA12AC2E279A506B00D22AF6 /* MDL link.swift in Sources */ = {isa = PBXBuildFile; fileRef = DA12AC2D279A506B00D22AF6 /* MDL link.swift */; };
		DA12AC37279A876700D22AF6 /* BMR Girl View.swift in Sources */ = {isa = PBXBuildFile; fileRef = DA12AC34279A876600D22AF6 /* BMR Girl View.swift */; };
		DA12AC38279A876700D22AF6 /* TDEE View.swift in Sources */ = {isa = PBXBuildFile; fileRef = DA12AC35279A876600D22AF6 /* TDEE View.swift */; };
		DA12AC39279A876700D22AF6 /* BMR Boy View.swift in Sources */ = {isa = PBXBuildFile; fileRef = DA12AC36279A876600D22AF6 /* BMR Boy View.swift */; };
		DA12AC46279A877B00D22AF6 /* 模組.swift in Sources */ = {isa = PBXBuildFile; fileRef = DA12AC44279A877B00D22AF6 /* 模組.swift */; };
		DA12AC47279A877B00D22AF6 /* BMR計算公式.swift in Sources */ = {isa = PBXBuildFile; fileRef = DA12AC45279A877B00D22AF6 /* BMR計算公式.swift */; };
		DA12AC49279A93EA00D22AF6 /* Evaluation.swift in Sources */ = {isa = PBXBuildFile; fileRef = DA12AC48279A93EA00D22AF6 /* Evaluation.swift */; };
		DA12AC4F27A839E900D22AF6 /* Sex.swift in Sources */ = {isa = PBXBuildFile; fileRef = DA12AC4E27A839E900D22AF6 /* Sex.swift */; };
		DA12AC5E27A94BC500D22AF6 /* MenuView.swift in Sources */ = {isa = PBXBuildFile; fileRef = DA12AC5D27A94BC500D22AF6 /* MenuView.swift */; };
		DA1ADB24279A454000D6F931 /* AppDelegate.swift in Sources */ = {isa = PBXBuildFile; fileRef = DA1ADB23279A454000D6F931 /* AppDelegate.swift */; };
		DA1ADB26279A454600D6F931 /* ContentView.swift in Sources */ = {isa = PBXBuildFile; fileRef = DA1ADB25279A454600D6F931 /* ContentView.swift */; };
		DA1ADB28279A454C00D6F931 /* DataModel.swift in Sources */ = {isa = PBXBuildFile; fileRef = DA1ADB27279A454C00D6F931 /* DataModel.swift */; };
		DA1ADB39279A498700D6F931 /* star.swift in Sources */ = {isa = PBXBuildFile; fileRef = DA1ADB33279A498700D6F931 /* star.swift */; };
		DA1ADB3A279A498700D6F931 /* discount.swift in Sources */ = {isa = PBXBuildFile; fileRef = DA1ADB34279A498700D6F931 /* discount.swift */; };
		DA1ADB3B279A498700D6F931 /* judgeData.swift in Sources */ = {isa = PBXBuildFile; fileRef = DA1ADB35279A498700D6F931 /* judgeData.swift */; };
		DA1ADB3C279A498700D6F931 /* Judge.swift in Sources */ = {isa = PBXBuildFile; fileRef = DA1ADB36279A498700D6F931 /* Judge.swift */; };
		DA1ADB3D279A498700D6F931 /* ContentView2.swift in Sources */ = {isa = PBXBuildFile; fileRef = DA1ADB37279A498700D6F931 /* ContentView2.swift */; };
		DA1ADB3E279A498800D6F931 /* allJudge.swift in Sources */ = {isa = PBXBuildFile; fileRef = DA1ADB38279A498700D6F931 /* allJudge.swift */; };
		DA1ADB49279A4A3400D6F931 /* food.swift in Sources */ = {isa = PBXBuildFile; fileRef = DA1ADB45279A4A3400D6F931 /* food.swift */; };
		DA1ADB4A279A4A3400D6F931 /* Restaurant.swift in Sources */ = {isa = PBXBuildFile; fileRef = DA1ADB46279A4A3400D6F931 /* Restaurant.swift */; };
		DA1ADB63279A4A4800D6F931 /* TalkModel.swift in Sources */ = {isa = PBXBuildFile; fileRef = DA1ADB4D279A4A4800D6F931 /* TalkModel.swift */; };
		DA1ADB64279A4A4800D6F931 /* TalkView.swift in Sources */ = {isa = PBXBuildFile; fileRef = DA1ADB4F279A4A4800D6F931 /* TalkView.swift */; };
		DA1ADB65279A4A4800D6F931 /* NavigationDemo.swift in Sources */ = {isa = PBXBuildFile; fileRef = DA1ADB50279A4A4800D6F931 /* NavigationDemo.swift */; };
		DA1ADB66279A4A4800D6F931 /* Mod.swift in Sources */ = {isa = PBXBuildFile; fileRef = DA1ADB51279A4A4800D6F931 /* Mod.swift */; };
		DA1ADB67279A4A4800D6F931 /* TalkMsg.swift in Sources */ = {isa = PBXBuildFile; fileRef = DA1ADB52279A4A4800D6F931 /* TalkMsg.swift */; };
		DA1ADB69279A4A4800D6F931 /* SearchBar.swift in Sources */ = {isa = PBXBuildFile; fileRef = DA1ADB54279A4A4800D6F931 /* SearchBar.swift */; };
		DA1ADB6A279A4A4800D6F931 /* SignView.swift in Sources */ = {isa = PBXBuildFile; fileRef = DA1ADB55279A4A4800D6F931 /* SignView.swift */; };
		DA1ADB6B279A4A4800D6F931 /* SwiftUIView.swift in Sources */ = {isa = PBXBuildFile; fileRef = DA1ADB56279A4A4800D6F931 /* SwiftUIView.swift */; };
		DA1ADB6C279A4A4800D6F931 /* MainView.swift in Sources */ = {isa = PBXBuildFile; fileRef = DA1ADB57279A4A4800D6F931 /* MainView.swift */; };
		DA1ADB6E279A4A4800D6F931 /* peopleMainView.swift in Sources */ = {isa = PBXBuildFile; fileRef = DA1ADB5A279A4A4800D6F931 /* peopleMainView.swift */; };
		DA1ADB6F279A4A4800D6F931 /* ChangeView.swift in Sources */ = {isa = PBXBuildFile; fileRef = DA1ADB5B279A4A4800D6F931 /* ChangeView.swift */; };
		DA1ADB70279A4A4800D6F931 /* UnderstandView.swift in Sources */ = {isa = PBXBuildFile; fileRef = DA1ADB5C279A4A4800D6F931 /* UnderstandView.swift */; };
		DA1ADB73279A4A4800D6F931 /* BMRSignView.swift in Sources */ = {isa = PBXBuildFile; fileRef = DA1ADB5F279A4A4800D6F931 /* BMRSignView.swift */; };
		DA1ADB76279A4A4800D6F931 /* BMRTabView.swift in Sources */ = {isa = PBXBuildFile; fileRef = DA1ADB62279A4A4800D6F931 /* BMRTabView.swift */; };
		DA1ADB78279A4BA600D6F931 /* AuthenticationViewModel.swift in Sources */ = {isa = PBXBuildFile; fileRef = DA1ADB77279A4BA600D6F931 /* AuthenticationViewModel.swift */; };
		DA5AE27B27A95859004BA8EB /* Aboutstore.swift in Sources */ = {isa = PBXBuildFile; fileRef = DA5AE27A27A95859004BA8EB /* Aboutstore.swift */; };
		DA91BE2727AA4430000B4BAE /* CaloriesView.swift in Sources */ = {isa = PBXBuildFile; fileRef = DA91BE2327AA4430000B4BAE /* CaloriesView.swift */; };
		DA91BE2827AA4430000B4BAE /* Comment View.swift in Sources */ = {isa = PBXBuildFile; fileRef = DA91BE2427AA4430000B4BAE /* Comment View.swift */; };
		DA91BE2927AA4430000B4BAE /* BMIView.swift in Sources */ = {isa = PBXBuildFile; fileRef = DA91BE2527AA4430000B4BAE /* BMIView.swift */; };
		DA91BE2A27AA4430000B4BAE /* Lose Weight View.swift in Sources */ = {isa = PBXBuildFile; fileRef = DA91BE2627AA4430000B4BAE /* Lose Weight View.swift */; };
/* End PBXBuildFile section */

/* Begin PBXFileReference section */
		3A317F4A09939A604DBB88C1 /* Pods-iBMR.release.xcconfig */ = {isa = PBXFileReference; includeInIndex = 1; lastKnownFileType = text.xcconfig; name = "Pods-iBMR.release.xcconfig"; path = "Target Support Files/Pods-iBMR/Pods-iBMR.release.xcconfig"; sourceTree = "<group>"; };
		4E6E59E0D0424488A5493E81 /* Pods-iBMR.debug.xcconfig */ = {isa = PBXFileReference; includeInIndex = 1; lastKnownFileType = text.xcconfig; name = "Pods-iBMR.debug.xcconfig"; path = "Target Support Files/Pods-iBMR/Pods-iBMR.debug.xcconfig"; sourceTree = "<group>"; };
		66B5AFB327911D0000D9ADE0 /* iBMR.app */ = {isa = PBXFileReference; explicitFileType = wrapper.application; includeInIndex = 0; path = iBMR.app; sourceTree = BUILT_PRODUCTS_DIR; };
		66B5AFB627911D0000D9ADE0 /* iBMRApp.swift */ = {isa = PBXFileReference; lastKnownFileType = sourcecode.swift; path = iBMRApp.swift; sourceTree = "<group>"; };
		66B5AFBA27911D0100D9ADE0 /* Assets.xcassets */ = {isa = PBXFileReference; lastKnownFileType = folder.assetcatalog; path = Assets.xcassets; sourceTree = "<group>"; };
		66B5AFBD27911D0100D9ADE0 /* Preview Assets.xcassets */ = {isa = PBXFileReference; lastKnownFileType = folder.assetcatalog; path = "Preview Assets.xcassets"; sourceTree = "<group>"; };
		836AC080D1F6A33333834051 /* Pods_iBMR.framework */ = {isa = PBXFileReference; explicitFileType = wrapper.framework; includeInIndex = 0; path = Pods_iBMR.framework; sourceTree = BUILT_PRODUCTS_DIR; };
		DA12AC2A279A4E5200D22AF6 /* GoogleService-Info.plist */ = {isa = PBXFileReference; fileEncoding = 4; lastKnownFileType = text.plist.xml; path = "GoogleService-Info.plist"; sourceTree = "<group>"; };
		DA12AC2D279A506B00D22AF6 /* MDL link.swift */ = {isa = PBXFileReference; lastKnownFileType = sourcecode.swift; path = "MDL link.swift"; sourceTree = "<group>"; };
		DA12AC34279A876600D22AF6 /* BMR Girl View.swift */ = {isa = PBXFileReference; fileEncoding = 4; lastKnownFileType = sourcecode.swift; path = "BMR Girl View.swift"; sourceTree = "<group>"; };
		DA12AC35279A876600D22AF6 /* TDEE View.swift */ = {isa = PBXFileReference; fileEncoding = 4; lastKnownFileType = sourcecode.swift; path = "TDEE View.swift"; sourceTree = "<group>"; };
		DA12AC36279A876600D22AF6 /* BMR Boy View.swift */ = {isa = PBXFileReference; fileEncoding = 4; lastKnownFileType = sourcecode.swift; path = "BMR Boy View.swift"; sourceTree = "<group>"; };
		DA12AC44279A877B00D22AF6 /* 模組.swift */ = {isa = PBXFileReference; fileEncoding = 4; lastKnownFileType = sourcecode.swift; path = "模組.swift"; sourceTree = "<group>"; };
		DA12AC45279A877B00D22AF6 /* BMR計算公式.swift */ = {isa = PBXFileReference; fileEncoding = 4; lastKnownFileType = sourcecode.swift; path = "BMR計算公式.swift"; sourceTree = "<group>"; };
		DA12AC48279A93EA00D22AF6 /* Evaluation.swift */ = {isa = PBXFileReference; fileEncoding = 4; lastKnownFileType = sourcecode.swift; path = Evaluation.swift; sourceTree = "<group>"; };
		DA12AC4E27A839E900D22AF6 /* Sex.swift */ = {isa = PBXFileReference; lastKnownFileType = sourcecode.swift; path = Sex.swift; sourceTree = "<group>"; };
		DA12AC5D27A94BC500D22AF6 /* MenuView.swift */ = {isa = PBXFileReference; fileEncoding = 4; lastKnownFileType = sourcecode.swift; path = MenuView.swift; sourceTree = "<group>"; };
		DA1ADB23279A454000D6F931 /* AppDelegate.swift */ = {isa = PBXFileReference; fileEncoding = 4; lastKnownFileType = sourcecode.swift; path = AppDelegate.swift; sourceTree = "<group>"; };
		DA1ADB25279A454600D6F931 /* ContentView.swift */ = {isa = PBXFileReference; fileEncoding = 4; lastKnownFileType = sourcecode.swift; path = ContentView.swift; sourceTree = "<group>"; };
		DA1ADB27279A454C00D6F931 /* DataModel.swift */ = {isa = PBXFileReference; fileEncoding = 4; lastKnownFileType = sourcecode.swift; path = DataModel.swift; sourceTree = "<group>"; };
		DA1ADB33279A498700D6F931 /* star.swift */ = {isa = PBXFileReference; fileEncoding = 4; lastKnownFileType = sourcecode.swift; path = star.swift; sourceTree = "<group>"; };
		DA1ADB34279A498700D6F931 /* discount.swift */ = {isa = PBXFileReference; fileEncoding = 4; lastKnownFileType = sourcecode.swift; path = discount.swift; sourceTree = "<group>"; };
		DA1ADB35279A498700D6F931 /* judgeData.swift */ = {isa = PBXFileReference; fileEncoding = 4; lastKnownFileType = sourcecode.swift; path = judgeData.swift; sourceTree = "<group>"; };
		DA1ADB36279A498700D6F931 /* Judge.swift */ = {isa = PBXFileReference; fileEncoding = 4; lastKnownFileType = sourcecode.swift; path = Judge.swift; sourceTree = "<group>"; };
		DA1ADB37279A498700D6F931 /* ContentView2.swift */ = {isa = PBXFileReference; fileEncoding = 4; lastKnownFileType = sourcecode.swift; path = ContentView2.swift; sourceTree = "<group>"; };
		DA1ADB38279A498700D6F931 /* allJudge.swift */ = {isa = PBXFileReference; fileEncoding = 4; lastKnownFileType = sourcecode.swift; path = allJudge.swift; sourceTree = "<group>"; };
		DA1ADB45279A4A3400D6F931 /* food.swift */ = {isa = PBXFileReference; fileEncoding = 4; lastKnownFileType = sourcecode.swift; path = food.swift; sourceTree = "<group>"; };
		DA1ADB46279A4A3400D6F931 /* Restaurant.swift */ = {isa = PBXFileReference; fileEncoding = 4; lastKnownFileType = sourcecode.swift; path = Restaurant.swift; sourceTree = "<group>"; };
		DA1ADB4D279A4A4800D6F931 /* TalkModel.swift */ = {isa = PBXFileReference; fileEncoding = 4; lastKnownFileType = sourcecode.swift; path = TalkModel.swift; sourceTree = "<group>"; };
		DA1ADB4F279A4A4800D6F931 /* TalkView.swift */ = {isa = PBXFileReference; fileEncoding = 4; lastKnownFileType = sourcecode.swift; path = TalkView.swift; sourceTree = "<group>"; };
		DA1ADB50279A4A4800D6F931 /* NavigationDemo.swift */ = {isa = PBXFileReference; fileEncoding = 4; lastKnownFileType = sourcecode.swift; path = NavigationDemo.swift; sourceTree = "<group>"; };
		DA1ADB51279A4A4800D6F931 /* Mod.swift */ = {isa = PBXFileReference; fileEncoding = 4; lastKnownFileType = sourcecode.swift; path = Mod.swift; sourceTree = "<group>"; };
		DA1ADB52279A4A4800D6F931 /* TalkMsg.swift */ = {isa = PBXFileReference; fileEncoding = 4; lastKnownFileType = sourcecode.swift; path = TalkMsg.swift; sourceTree = "<group>"; };
		DA1ADB54279A4A4800D6F931 /* SearchBar.swift */ = {isa = PBXFileReference; fileEncoding = 4; lastKnownFileType = sourcecode.swift; path = SearchBar.swift; sourceTree = "<group>"; };
		DA1ADB55279A4A4800D6F931 /* SignView.swift */ = {isa = PBXFileReference; fileEncoding = 4; lastKnownFileType = sourcecode.swift; path = SignView.swift; sourceTree = "<group>"; };
		DA1ADB56279A4A4800D6F931 /* SwiftUIView.swift */ = {isa = PBXFileReference; fileEncoding = 4; lastKnownFileType = sourcecode.swift; path = SwiftUIView.swift; sourceTree = "<group>"; };
		DA1ADB57279A4A4800D6F931 /* MainView.swift */ = {isa = PBXFileReference; fileEncoding = 4; lastKnownFileType = sourcecode.swift; path = MainView.swift; sourceTree = "<group>"; };
		DA1ADB5A279A4A4800D6F931 /* peopleMainView.swift */ = {isa = PBXFileReference; fileEncoding = 4; lastKnownFileType = sourcecode.swift; path = peopleMainView.swift; sourceTree = "<group>"; };
		DA1ADB5B279A4A4800D6F931 /* ChangeView.swift */ = {isa = PBXFileReference; fileEncoding = 4; lastKnownFileType = sourcecode.swift; path = ChangeView.swift; sourceTree = "<group>"; };
		DA1ADB5C279A4A4800D6F931 /* UnderstandView.swift */ = {isa = PBXFileReference; fileEncoding = 4; lastKnownFileType = sourcecode.swift; path = UnderstandView.swift; sourceTree = "<group>"; };
		DA1ADB5F279A4A4800D6F931 /* BMRSignView.swift */ = {isa = PBXFileReference; fileEncoding = 4; lastKnownFileType = sourcecode.swift; path = BMRSignView.swift; sourceTree = "<group>"; };
		DA1ADB62279A4A4800D6F931 /* BMRTabView.swift */ = {isa = PBXFileReference; fileEncoding = 4; lastKnownFileType = sourcecode.swift; path = BMRTabView.swift; sourceTree = "<group>"; };
		DA1ADB77279A4BA600D6F931 /* AuthenticationViewModel.swift */ = {isa = PBXFileReference; fileEncoding = 4; lastKnownFileType = sourcecode.swift; path = AuthenticationViewModel.swift; sourceTree = "<group>"; };
		DA5AE27A27A95859004BA8EB /* Aboutstore.swift */ = {isa = PBXFileReference; fileEncoding = 4; lastKnownFileType = sourcecode.swift; path = Aboutstore.swift; sourceTree = "<group>"; };
		DA91BE2327AA4430000B4BAE /* CaloriesView.swift */ = {isa = PBXFileReference; fileEncoding = 4; lastKnownFileType = sourcecode.swift; path = CaloriesView.swift; sourceTree = "<group>"; };
		DA91BE2427AA4430000B4BAE /* Comment View.swift */ = {isa = PBXFileReference; fileEncoding = 4; lastKnownFileType = sourcecode.swift; path = "Comment View.swift"; sourceTree = "<group>"; };
		DA91BE2527AA4430000B4BAE /* BMIView.swift */ = {isa = PBXFileReference; fileEncoding = 4; lastKnownFileType = sourcecode.swift; path = BMIView.swift; sourceTree = "<group>"; };
		DA91BE2627AA4430000B4BAE /* Lose Weight View.swift */ = {isa = PBXFileReference; fileEncoding = 4; lastKnownFileType = sourcecode.swift; path = "Lose Weight View.swift"; sourceTree = "<group>"; };
/* End PBXFileReference section */

/* Begin PBXFrameworksBuildPhase section */
		66B5AFB027911D0000D9ADE0 /* Frameworks */ = {
			isa = PBXFrameworksBuildPhase;
			buildActionMask = 2147483647;
			files = (
				B68DE005E1FD5EC0C114F6B1 /* Pods_iBMR.framework in Frameworks */,
			);
			runOnlyForDeploymentPostprocessing = 0;
		};
/* End PBXFrameworksBuildPhase section */

/* Begin PBXGroup section */
		047ECC4AC8114D1DC6089C65 /* Pods */ = {
			isa = PBXGroup;
			children = (
				4E6E59E0D0424488A5493E81 /* Pods-iBMR.debug.xcconfig */,
				3A317F4A09939A604DBB88C1 /* Pods-iBMR.release.xcconfig */,
			);
			path = Pods;
			sourceTree = "<group>";
		};
		07260FCB5D82350A993A7B30 /* Frameworks */ = {
			isa = PBXGroup;
			children = (
				836AC080D1F6A33333834051 /* Pods_iBMR.framework */,
			);
			name = Frameworks;
			sourceTree = "<group>";
		};
		66B5AFAA27911D0000D9ADE0 = {
			isa = PBXGroup;
			children = (
				66B5AFB527911D0000D9ADE0 /* iBMR */,
				66B5AFB427911D0000D9ADE0 /* Products */,
				047ECC4AC8114D1DC6089C65 /* Pods */,
				07260FCB5D82350A993A7B30 /* Frameworks */,
			);
			sourceTree = "<group>";
		};
		66B5AFB427911D0000D9ADE0 /* Products */ = {
			isa = PBXGroup;
			children = (
				66B5AFB327911D0000D9ADE0 /* iBMR.app */,
			);
			name = Products;
			sourceTree = "<group>";
		};
		66B5AFB527911D0000D9ADE0 /* iBMR */ = {
			isa = PBXGroup;
			children = (
				DA12AC33279A876600D22AF6 /* BMR&TDEE */,
				DA1ADB4B279A4A4800D6F931 /* knowledge */,
				DA1ADB42279A4A3400D6F931 /* FoodView */,
				DA1ADB59279A4A4800D6F931 /* Main View */,
				DA1ADB4C279A4A4800D6F931 /* Model */,
				DA1ADB3F279A49B000D6F931 /* DJS */,
				66B5AFB627911D0000D9ADE0 /* iBMRApp.swift */,
				DA1ADB25279A454600D6F931 /* ContentView.swift */,
				DA1ADB23279A454000D6F931 /* AppDelegate.swift */,
				DA1ADB27279A454C00D6F931 /* DataModel.swift */,
				DA12AC2A279A4E5200D22AF6 /* GoogleService-Info.plist */,
				66B5AFBA27911D0100D9ADE0 /* Assets.xcassets */,
				66B5AFBC27911D0100D9ADE0 /* Preview Content */,
			);
			path = iBMR;
			sourceTree = "<group>";
		};
		66B5AFBC27911D0100D9ADE0 /* Preview Content */ = {
			isa = PBXGroup;
			children = (
				66B5AFBD27911D0100D9ADE0 /* Preview Assets.xcassets */,
			);
			path = "Preview Content";
			sourceTree = "<group>";
		};
		DA12AC2C279A500700D22AF6 /* ResturantView */ = {
			isa = PBXGroup;
			children = (
				DA12AC2D279A506B00D22AF6 /* MDL link.swift */,
				DA1ADB38279A498700D6F931 /* allJudge.swift */,
				DA12AC48279A93EA00D22AF6 /* Evaluation.swift */,
				DA12AC5D27A94BC500D22AF6 /* MenuView.swift */,
				DA1ADB34279A498700D6F931 /* discount.swift */,
				DA5AE27A27A95859004BA8EB /* Aboutstore.swift */,
			);
			path = ResturantView;
			sourceTree = "<group>";
		};
		DA12AC33279A876600D22AF6 /* BMR&TDEE */ = {
			isa = PBXGroup;
			children = (
				DA12AC43279A877B00D22AF6 /* Mode */,
				DA12AC34279A876600D22AF6 /* BMR Girl View.swift */,
				DA12AC4E27A839E900D22AF6 /* Sex.swift */,
				DA12AC35279A876600D22AF6 /* TDEE View.swift */,
				DA12AC36279A876600D22AF6 /* BMR Boy View.swift */,
			);
			path = "BMR&TDEE";
			sourceTree = "<group>";
		};
		DA12AC43279A877B00D22AF6 /* Mode */ = {
			isa = PBXGroup;
			children = (
				DA12AC44279A877B00D22AF6 /* 模組.swift */,
				DA12AC45279A877B00D22AF6 /* BMR計算公式.swift */,
			);
			path = Mode;
			sourceTree = "<group>";
		};
		DA1ADB3F279A49B000D6F931 /* DJS */ = {
			isa = PBXGroup;
			children = (
				DA1ADB37279A498700D6F931 /* ContentView2.swift */,
				DA1ADB36279A498700D6F931 /* Judge.swift */,
				DA1ADB35279A498700D6F931 /* judgeData.swift */,
				DA1ADB33279A498700D6F931 /* star.swift */,
			);
			path = DJS;
			sourceTree = "<group>";
		};
		DA1ADB42279A4A3400D6F931 /* FoodView */ = {
			isa = PBXGroup;
			children = (
				DA1ADB45279A4A3400D6F931 /* food.swift */,
				DA1ADB46279A4A3400D6F931 /* Restaurant.swift */,
				DA12AC2C279A500700D22AF6 /* ResturantView */,
			);
			path = FoodView;
			sourceTree = "<group>";
		};
		DA1ADB4B279A4A4800D6F931 /* knowledge */ = {
			isa = PBXGroup;
			children = (
				DA1ADB5C279A4A4800D6F931 /* UnderstandView.swift */,
				DA91BE2327AA4430000B4BAE /* CaloriesView.swift */,
				DA91BE2427AA4430000B4BAE /* Comment View.swift */,
				DA91BE2527AA4430000B4BAE /* BMIView.swift */,
				DA91BE2627AA4430000B4BAE /* Lose Weight View.swift */,
			);
			path = knowledge;
			sourceTree = "<group>";
		};
		DA1ADB4C279A4A4800D6F931 /* Model */ = {
			isa = PBXGroup;
			children = (
				DA1ADB4D279A4A4800D6F931 /* TalkModel.swift */,
				DA1ADB4E279A4A4800D6F931 /* View */,
			);
			path = Model;
			sourceTree = "<group>";
		};
		DA1ADB4E279A4A4800D6F931 /* View */ = {
			isa = PBXGroup;
			children = (
				DA1ADB4F279A4A4800D6F931 /* TalkView.swift */,
				DA1ADB50279A4A4800D6F931 /* NavigationDemo.swift */,
				DA1ADB51279A4A4800D6F931 /* Mod.swift */,
				DA1ADB52279A4A4800D6F931 /* TalkMsg.swift */,
				DA1ADB54279A4A4800D6F931 /* SearchBar.swift */,
				DA1ADB55279A4A4800D6F931 /* SignView.swift */,
				DA1ADB56279A4A4800D6F931 /* SwiftUIView.swift */,
				DA1ADB57279A4A4800D6F931 /* MainView.swift */,
				DA1ADB77279A4BA600D6F931 /* AuthenticationViewModel.swift */,
			);
			path = View;
			sourceTree = "<group>";
		};
		DA1ADB59279A4A4800D6F931 /* Main View */ = {
			isa = PBXGroup;
			children = (
				DA1ADB5A279A4A4800D6F931 /* peopleMainView.swift */,
				DA1ADB5B279A4A4800D6F931 /* ChangeView.swift */,
				DA1ADB5F279A4A4800D6F931 /* BMRSignView.swift */,
				DA1ADB62279A4A4800D6F931 /* BMRTabView.swift */,
			);
			path = "Main View";
			sourceTree = "<group>";
		};
/* End PBXGroup section */

/* Begin PBXNativeTarget section */
		66B5AFB227911D0000D9ADE0 /* iBMR */ = {
			isa = PBXNativeTarget;
			buildConfigurationList = 66B5AFC127911D0100D9ADE0 /* Build configuration list for PBXNativeTarget "iBMR" */;
			buildPhases = (
				31C595BBE9F0F46C95C97400 /* [CP] Check Pods Manifest.lock */,
				66B5AFAF27911D0000D9ADE0 /* Sources */,
				66B5AFB027911D0000D9ADE0 /* Frameworks */,
				66B5AFB127911D0000D9ADE0 /* Resources */,
				B464CCF9E1352073317E5EB8 /* [CP] Embed Pods Frameworks */,
			);
			buildRules = (
			);
			dependencies = (
			);
			name = iBMR;
			productName = iBMR;
			productReference = 66B5AFB327911D0000D9ADE0 /* iBMR.app */;
			productType = "com.apple.product-type.application";
		};
/* End PBXNativeTarget section */

/* Begin PBXProject section */
		66B5AFAB27911D0000D9ADE0 /* Project object */ = {
			isa = PBXProject;
			attributes = {
				BuildIndependentTargetsInParallel = 1;
				LastSwiftUpdateCheck = 1320;
				LastUpgradeCheck = 1320;
				TargetAttributes = {
					66B5AFB227911D0000D9ADE0 = {
						CreatedOnToolsVersion = 13.2.1;
					};
				};
			};
			buildConfigurationList = 66B5AFAE27911D0000D9ADE0 /* Build configuration list for PBXProject "iBMR" */;
			compatibilityVersion = "Xcode 13.0";
			developmentRegion = en;
			hasScannedForEncodings = 0;
			knownRegions = (
				en,
				Base,
			);
			mainGroup = 66B5AFAA27911D0000D9ADE0;
			productRefGroup = 66B5AFB427911D0000D9ADE0 /* Products */;
			projectDirPath = "";
			projectRoot = "";
			targets = (
				66B5AFB227911D0000D9ADE0 /* iBMR */,
			);
		};
/* End PBXProject section */

/* Begin PBXResourcesBuildPhase section */
		66B5AFB127911D0000D9ADE0 /* Resources */ = {
			isa = PBXResourcesBuildPhase;
			buildActionMask = 2147483647;
			files = (
				66B5AFBE27911D0100D9ADE0 /* Preview Assets.xcassets in Resources */,
				66B5AFBB27911D0100D9ADE0 /* Assets.xcassets in Resources */,
				DA12AC2B279A4E5200D22AF6 /* GoogleService-Info.plist in Resources */,
			);
			runOnlyForDeploymentPostprocessing = 0;
		};
/* End PBXResourcesBuildPhase section */

/* Begin PBXShellScriptBuildPhase section */
		31C595BBE9F0F46C95C97400 /* [CP] Check Pods Manifest.lock */ = {
			isa = PBXShellScriptBuildPhase;
			buildActionMask = 2147483647;
			files = (
			);
			inputFileListPaths = (
			);
			inputPaths = (
				"${PODS_PODFILE_DIR_PATH}/Podfile.lock",
				"${PODS_ROOT}/Manifest.lock",
			);
			name = "[CP] Check Pods Manifest.lock";
			outputFileListPaths = (
			);
			outputPaths = (
				"$(DERIVED_FILE_DIR)/Pods-iBMR-checkManifestLockResult.txt",
			);
			runOnlyForDeploymentPostprocessing = 0;
			shellPath = /bin/sh;
			shellScript = "diff \"${PODS_PODFILE_DIR_PATH}/Podfile.lock\" \"${PODS_ROOT}/Manifest.lock\" > /dev/null\nif [ $? != 0 ] ; then\n    # print error to STDERR\n    echo \"error: The sandbox is not in sync with the Podfile.lock. Run 'pod install' or update your CocoaPods installation.\" >&2\n    exit 1\nfi\n# This output is used by Xcode 'outputs' to avoid re-running this script phase.\necho \"SUCCESS\" > \"${SCRIPT_OUTPUT_FILE_0}\"\n";
			showEnvVarsInLog = 0;
		};
		B464CCF9E1352073317E5EB8 /* [CP] Embed Pods Frameworks */ = {
			isa = PBXShellScriptBuildPhase;
			buildActionMask = 2147483647;
			files = (
			);
			inputFileListPaths = (
				"${PODS_ROOT}/Target Support Files/Pods-iBMR/Pods-iBMR-frameworks-${CONFIGURATION}-input-files.xcfilelist",
			);
			name = "[CP] Embed Pods Frameworks";
			outputFileListPaths = (
				"${PODS_ROOT}/Target Support Files/Pods-iBMR/Pods-iBMR-frameworks-${CONFIGURATION}-output-files.xcfilelist",
			);
			runOnlyForDeploymentPostprocessing = 0;
			shellPath = /bin/sh;
			shellScript = "\"${PODS_ROOT}/Target Support Files/Pods-iBMR/Pods-iBMR-frameworks.sh\"\n";
			showEnvVarsInLog = 0;
		};
/* End PBXShellScriptBuildPhase section */

/* Begin PBXSourcesBuildPhase section */
		66B5AFAF27911D0000D9ADE0 /* Sources */ = {
			isa = PBXSourcesBuildPhase;
			buildActionMask = 2147483647;
			files = (
				DA1ADB66279A4A4800D6F931 /* Mod.swift in Sources */,
				DA1ADB6C279A4A4800D6F931 /* MainView.swift in Sources */,
				DA1ADB78279A4BA600D6F931 /* AuthenticationViewModel.swift in Sources */,
				DA1ADB64279A4A4800D6F931 /* TalkView.swift in Sources */,
				DA1ADB24279A454000D6F931 /* AppDelegate.swift in Sources */,
				DA1ADB6F279A4A4800D6F931 /* ChangeView.swift in Sources */,
				DA91BE2727AA4430000B4BAE /* CaloriesView.swift in Sources */,
				DA91BE2A27AA4430000B4BAE /* Lose Weight View.swift in Sources */,
				DA12AC46279A877B00D22AF6 /* 模組.swift in Sources */,
				DA1ADB6A279A4A4800D6F931 /* SignView.swift in Sources */,
				DA1ADB28279A454C00D6F931 /* DataModel.swift in Sources */,
				DA12AC49279A93EA00D22AF6 /* Evaluation.swift in Sources */,
				DA5AE27B27A95859004BA8EB /* Aboutstore.swift in Sources */,
				DA12AC38279A876700D22AF6 /* TDEE View.swift in Sources */,
				DA12AC4F27A839E900D22AF6 /* Sex.swift in Sources */,
				DA1ADB6E279A4A4800D6F931 /* peopleMainView.swift in Sources */,
				DA1ADB6B279A4A4800D6F931 /* SwiftUIView.swift in Sources */,
				DA1ADB67279A4A4800D6F931 /* TalkMsg.swift in Sources */,
				DA1ADB76279A4A4800D6F931 /* BMRTabView.swift in Sources */,
				66B5AFB727911D0000D9ADE0 /* iBMRApp.swift in Sources */,
				DA1ADB26279A454600D6F931 /* ContentView.swift in Sources */,
				DA1ADB3A279A498700D6F931 /* discount.swift in Sources */,
				DA12AC2E279A506B00D22AF6 /* MDL link.swift in Sources */,
				DA1ADB3C279A498700D6F931 /* Judge.swift in Sources */,
				DA1ADB3D279A498700D6F931 /* ContentView2.swift in Sources */,
				DA12AC39279A876700D22AF6 /* BMR Boy View.swift in Sources */,
				DA1ADB49279A4A3400D6F931 /* food.swift in Sources */,
				DA12AC5E27A94BC500D22AF6 /* MenuView.swift in Sources */,
				DA1ADB70279A4A4800D6F931 /* UnderstandView.swift in Sources */,
				DA12AC37279A876700D22AF6 /* BMR Girl View.swift in Sources */,
				DA1ADB69279A4A4800D6F931 /* SearchBar.swift in Sources */,
				DA1ADB4A279A4A3400D6F931 /* Restaurant.swift in Sources */,
				DA12AC47279A877B00D22AF6 /* BMR計算公式.swift in Sources */,
				DA1ADB73279A4A4800D6F931 /* BMRSignView.swift in Sources */,
				DA91BE2827AA4430000B4BAE /* Comment View.swift in Sources */,
				DA1ADB65279A4A4800D6F931 /* NavigationDemo.swift in Sources */,
				DA1ADB63279A4A4800D6F931 /* TalkModel.swift in Sources */,
				DA1ADB3B279A498700D6F931 /* judgeData.swift in Sources */,
				DA1ADB39279A498700D6F931 /* star.swift in Sources */,
				DA1ADB3E279A498800D6F931 /* allJudge.swift in Sources */,
				DA91BE2927AA4430000B4BAE /* BMIView.swift in Sources */,
			);
			runOnlyForDeploymentPostprocessing = 0;
		};
/* End PBXSourcesBuildPhase section */

/* Begin XCBuildConfiguration section */
		66B5AFBF27911D0100D9ADE0 /* Debug */ = {
			isa = XCBuildConfiguration;
			buildSettings = {
				ALWAYS_SEARCH_USER_PATHS = NO;
				CLANG_ANALYZER_NONNULL = YES;
				CLANG_ANALYZER_NUMBER_OBJECT_CONVERSION = YES_AGGRESSIVE;
				CLANG_CXX_LANGUAGE_STANDARD = "gnu++17";
				CLANG_CXX_LIBRARY = "libc++";
				CLANG_ENABLE_MODULES = YES;
				CLANG_ENABLE_OBJC_ARC = YES;
				CLANG_ENABLE_OBJC_WEAK = YES;
				CLANG_WARN_BLOCK_CAPTURE_AUTORELEASING = YES;
				CLANG_WARN_BOOL_CONVERSION = YES;
				CLANG_WARN_COMMA = YES;
				CLANG_WARN_CONSTANT_CONVERSION = YES;
				CLANG_WARN_DEPRECATED_OBJC_IMPLEMENTATIONS = YES;
				CLANG_WARN_DIRECT_OBJC_ISA_USAGE = YES_ERROR;
				CLANG_WARN_DOCUMENTATION_COMMENTS = YES;
				CLANG_WARN_EMPTY_BODY = YES;
				CLANG_WARN_ENUM_CONVERSION = YES;
				CLANG_WARN_INFINITE_RECURSION = YES;
				CLANG_WARN_INT_CONVERSION = YES;
				CLANG_WARN_NON_LITERAL_NULL_CONVERSION = YES;
				CLANG_WARN_OBJC_IMPLICIT_RETAIN_SELF = YES;
				CLANG_WARN_OBJC_LITERAL_CONVERSION = YES;
				CLANG_WARN_OBJC_ROOT_CLASS = YES_ERROR;
				CLANG_WARN_QUOTED_INCLUDE_IN_FRAMEWORK_HEADER = YES;
				CLANG_WARN_RANGE_LOOP_ANALYSIS = YES;
				CLANG_WARN_STRICT_PROTOTYPES = YES;
				CLANG_WARN_SUSPICIOUS_MOVE = YES;
				CLANG_WARN_UNGUARDED_AVAILABILITY = YES_AGGRESSIVE;
				CLANG_WARN_UNREACHABLE_CODE = YES;
				CLANG_WARN__DUPLICATE_METHOD_MATCH = YES;
				COPY_PHASE_STRIP = NO;
				DEBUG_INFORMATION_FORMAT = dwarf;
				ENABLE_STRICT_OBJC_MSGSEND = YES;
				ENABLE_TESTABILITY = YES;
				GCC_C_LANGUAGE_STANDARD = gnu11;
				GCC_DYNAMIC_NO_PIC = NO;
				GCC_NO_COMMON_BLOCKS = YES;
				GCC_OPTIMIZATION_LEVEL = 0;
				GCC_PREPROCESSOR_DEFINITIONS = (
					"DEBUG=1",
					"$(inherited)",
				);
				GCC_WARN_64_TO_32_BIT_CONVERSION = YES;
				GCC_WARN_ABOUT_RETURN_TYPE = YES_ERROR;
				GCC_WARN_UNDECLARED_SELECTOR = YES;
				GCC_WARN_UNINITIALIZED_AUTOS = YES_AGGRESSIVE;
				GCC_WARN_UNUSED_FUNCTION = YES;
				GCC_WARN_UNUSED_VARIABLE = YES;
				IPHONEOS_DEPLOYMENT_TARGET = 15.2;
				MTL_ENABLE_DEBUG_INFO = INCLUDE_SOURCE;
				MTL_FAST_MATH = YES;
				ONLY_ACTIVE_ARCH = YES;
				SDKROOT = iphoneos;
				SWIFT_ACTIVE_COMPILATION_CONDITIONS = DEBUG;
				SWIFT_OPTIMIZATION_LEVEL = "-Onone";
			};
			name = Debug;
		};
		66B5AFC027911D0100D9ADE0 /* Release */ = {
			isa = XCBuildConfiguration;
			buildSettings = {
				ALWAYS_SEARCH_USER_PATHS = NO;
				CLANG_ANALYZER_NONNULL = YES;
				CLANG_ANALYZER_NUMBER_OBJECT_CONVERSION = YES_AGGRESSIVE;
				CLANG_CXX_LANGUAGE_STANDARD = "gnu++17";
				CLANG_CXX_LIBRARY = "libc++";
				CLANG_ENABLE_MODULES = YES;
				CLANG_ENABLE_OBJC_ARC = YES;
				CLANG_ENABLE_OBJC_WEAK = YES;
				CLANG_WARN_BLOCK_CAPTURE_AUTORELEASING = YES;
				CLANG_WARN_BOOL_CONVERSION = YES;
				CLANG_WARN_COMMA = YES;
				CLANG_WARN_CONSTANT_CONVERSION = YES;
				CLANG_WARN_DEPRECATED_OBJC_IMPLEMENTATIONS = YES;
				CLANG_WARN_DIRECT_OBJC_ISA_USAGE = YES_ERROR;
				CLANG_WARN_DOCUMENTATION_COMMENTS = YES;
				CLANG_WARN_EMPTY_BODY = YES;
				CLANG_WARN_ENUM_CONVERSION = YES;
				CLANG_WARN_INFINITE_RECURSION = YES;
				CLANG_WARN_INT_CONVERSION = YES;
				CLANG_WARN_NON_LITERAL_NULL_CONVERSION = YES;
				CLANG_WARN_OBJC_IMPLICIT_RETAIN_SELF = YES;
				CLANG_WARN_OBJC_LITERAL_CONVERSION = YES;
				CLANG_WARN_OBJC_ROOT_CLASS = YES_ERROR;
				CLANG_WARN_QUOTED_INCLUDE_IN_FRAMEWORK_HEADER = YES;
				CLANG_WARN_RANGE_LOOP_ANALYSIS = YES;
				CLANG_WARN_STRICT_PROTOTYPES = YES;
				CLANG_WARN_SUSPICIOUS_MOVE = YES;
				CLANG_WARN_UNGUARDED_AVAILABILITY = YES_AGGRESSIVE;
				CLANG_WARN_UNREACHABLE_CODE = YES;
				CLANG_WARN__DUPLICATE_METHOD_MATCH = YES;
				COPY_PHASE_STRIP = NO;
				DEBUG_INFORMATION_FORMAT = "dwarf-with-dsym";
				ENABLE_NS_ASSERTIONS = NO;
				ENABLE_STRICT_OBJC_MSGSEND = YES;
				GCC_C_LANGUAGE_STANDARD = gnu11;
				GCC_NO_COMMON_BLOCKS = YES;
				GCC_WARN_64_TO_32_BIT_CONVERSION = YES;
				GCC_WARN_ABOUT_RETURN_TYPE = YES_ERROR;
				GCC_WARN_UNDECLARED_SELECTOR = YES;
				GCC_WARN_UNINITIALIZED_AUTOS = YES_AGGRESSIVE;
				GCC_WARN_UNUSED_FUNCTION = YES;
				GCC_WARN_UNUSED_VARIABLE = YES;
				IPHONEOS_DEPLOYMENT_TARGET = 15.2;
				MTL_ENABLE_DEBUG_INFO = NO;
				MTL_FAST_MATH = YES;
				SDKROOT = iphoneos;
				SWIFT_COMPILATION_MODE = wholemodule;
				SWIFT_OPTIMIZATION_LEVEL = "-O";
				VALIDATE_PRODUCT = YES;
			};
			name = Release;
		};
		66B5AFC227911D0100D9ADE0 /* Debug */ = {
			isa = XCBuildConfiguration;
			baseConfigurationReference = 4E6E59E0D0424488A5493E81 /* Pods-iBMR.debug.xcconfig */;
			buildSettings = {
				ASSETCATALOG_COMPILER_APPICON_NAME = AppIcon;
				ASSETCATALOG_COMPILER_GLOBAL_ACCENT_COLOR_NAME = AccentColor;
				CODE_SIGN_STYLE = Automatic;
				CURRENT_PROJECT_VERSION = 1;
				DEVELOPMENT_ASSET_PATHS = "\"iBMR/Preview Content\"";
				DEVELOPMENT_TEAM = 2MUXZW78A3;
				ENABLE_PREVIEWS = YES;
				GENERATE_INFOPLIST_FILE = YES;
				INFOPLIST_KEY_UIApplicationSceneManifest_Generation = YES;
				INFOPLIST_KEY_UIApplicationSupportsIndirectInputEvents = YES;
				INFOPLIST_KEY_UILaunchScreen_Generation = YES;
				INFOPLIST_KEY_UISupportedInterfaceOrientations_iPad = "UIInterfaceOrientationPortrait UIInterfaceOrientationPortraitUpsideDown UIInterfaceOrientationLandscapeLeft UIInterfaceOrientationLandscapeRight";
				INFOPLIST_KEY_UISupportedInterfaceOrientations_iPhone = "UIInterfaceOrientationPortrait UIInterfaceOrientationLandscapeLeft UIInterfaceOrientationLandscapeRight";
				LD_RUNPATH_SEARCH_PATHS = (
					"$(inherited)",
					"@executable_path/Frameworks",
				);
				MARKETING_VERSION = 1.0;
				PRODUCT_BUNDLE_IDENTIFIER = app.cherrystudio.iBMR;
				PRODUCT_NAME = "$(TARGET_NAME)";
				SWIFT_EMIT_LOC_STRINGS = YES;
				SWIFT_VERSION = 5.0;
				TARGETED_DEVICE_FAMILY = "1,2";
			};
			name = Debug;
		};
		66B5AFC327911D0100D9ADE0 /* Release */ = {
			isa = XCBuildConfiguration;
			baseConfigurationReference = 3A317F4A09939A604DBB88C1 /* Pods-iBMR.release.xcconfig */;
			buildSettings = {
				ASSETCATALOG_COMPILER_APPICON_NAME = AppIcon;
				ASSETCATALOG_COMPILER_GLOBAL_ACCENT_COLOR_NAME = AccentColor;
				CODE_SIGN_STYLE = Automatic;
				CURRENT_PROJECT_VERSION = 1;
				DEVELOPMENT_ASSET_PATHS = "\"iBMR/Preview Content\"";
				DEVELOPMENT_TEAM = 2MUXZW78A3;
				ENABLE_PREVIEWS = YES;
				GENERATE_INFOPLIST_FILE = YES;
				INFOPLIST_KEY_UIApplicationSceneManifest_Generation = YES;
				INFOPLIST_KEY_UIApplicationSupportsIndirectInputEvents = YES;
				INFOPLIST_KEY_UILaunchScreen_Generation = YES;
				INFOPLIST_KEY_UISupportedInterfaceOrientations_iPad = "UIInterfaceOrientationPortrait UIInterfaceOrientationPortraitUpsideDown UIInterfaceOrientationLandscapeLeft UIInterfaceOrientationLandscapeRight";
				INFOPLIST_KEY_UISupportedInterfaceOrientations_iPhone = "UIInterfaceOrientationPortrait UIInterfaceOrientationLandscapeLeft UIInterfaceOrientationLandscapeRight";
				LD_RUNPATH_SEARCH_PATHS = (
					"$(inherited)",
					"@executable_path/Frameworks",
				);
				MARKETING_VERSION = 1.0;
				PRODUCT_BUNDLE_IDENTIFIER = app.cherrystudio.iBMR;
				PRODUCT_NAME = "$(TARGET_NAME)";
				SWIFT_EMIT_LOC_STRINGS = YES;
				SWIFT_VERSION = 5.0;
				TARGETED_DEVICE_FAMILY = "1,2";
			};
			name = Release;
		};
/* End XCBuildConfiguration section */

/* Begin XCConfigurationList section */
		66B5AFAE27911D0000D9ADE0 /* Build configuration list for PBXProject "iBMR" */ = {
			isa = XCConfigurationList;
			buildConfigurations = (
				66B5AFBF27911D0100D9ADE0 /* Debug */,
				66B5AFC027911D0100D9ADE0 /* Release */,
			);
			defaultConfigurationIsVisible = 0;
			defaultConfigurationName = Release;
		};
		66B5AFC127911D0100D9ADE0 /* Build configuration list for PBXNativeTarget "iBMR" */ = {
			isa = XCConfigurationList;
			buildConfigurations = (
				66B5AFC227911D0100D9ADE0 /* Debug */,
				66B5AFC327911D0100D9ADE0 /* Release */,
			);
			defaultConfigurationIsVisible = 0;
			defaultConfigurationName = Release;
		};
/* End XCConfigurationList section */
	};
	rootObject = 66B5AFAB27911D0000D9ADE0 /* Project object */;
}
