// !$*UTF8*$!
{
	archiveVersion = 1;
	classes = {
	};
	objectVersion = 55;
	objects = {

/* Begin PBXBuildFile section */
		66B5AFB727911D0000D9ADE0 /* iBMRApp.swift in Sources */ = {isa = PBXBuildFile; fileRef = 66B5AFB627911D0000D9ADE0 /* iBMRApp.swift */; };
		66B5AFB927911D0000D9ADE0 /* ContentView.swift in Sources */ = {isa = PBXBuildFile; fileRef = 66B5AFB827911D0000D9ADE0 /* ContentView.swift */; };
		66B5AFBB27911D0100D9ADE0 /* Assets.xcassets in Resources */ = {isa = PBXBuildFile; fileRef = 66B5AFBA27911D0100D9ADE0 /* Assets.xcassets */; };
		66B5AFBE27911D0100D9ADE0 /* Preview Assets.xcassets in Resources */ = {isa = PBXBuildFile; fileRef = 66B5AFBD27911D0100D9ADE0 /* Preview Assets.xcassets */; };
		6A9F1997279A5AB700F946DE /* CaloriesView.swift in Sources */ = {isa = PBXBuildFile; fileRef = 6A9F1993279A5AB700F946DE /* CaloriesView.swift */; };
		6A9F1998279A5AB700F946DE /* Comment View.swift in Sources */ = {isa = PBXBuildFile; fileRef = 6A9F1994279A5AB700F946DE /* Comment View.swift */; };
		6A9F1999279A5AB700F946DE /* BMIView.swift in Sources */ = {isa = PBXBuildFile; fileRef = 6A9F1995279A5AB700F946DE /* BMIView.swift */; };
		6A9F199A279A5AB700F946DE /* Lose Weight View.swift in Sources */ = {isa = PBXBuildFile; fileRef = 6A9F1996279A5AB700F946DE /* Lose Weight View.swift */; };
		6A9F199C279A5ACB00F946DE /* BMR Boy View.swift in Sources */ = {isa = PBXBuildFile; fileRef = 6A9F199B279A5ACB00F946DE /* BMR Boy View.swift */; };
		6A9F199E279A5AEB00F946DE /* BMR Girl View.swift in Sources */ = {isa = PBXBuildFile; fileRef = 6A9F199D279A5AEB00F946DE /* BMR Girl View.swift */; };
		6A9F19A0279A5AF100F946DE /* TDEE View.swift in Sources */ = {isa = PBXBuildFile; fileRef = 6A9F199F279A5AF100F946DE /* TDEE View.swift */; };
		6A9F19A4279A5AF700F946DE /* 模組.swift in Sources */ = {isa = PBXBuildFile; fileRef = 6A9F19A2279A5AF700F946DE /* 模組.swift */; };
		6A9F19A5279A5AF700F946DE /* BMR計算公式.swift in Sources */ = {isa = PBXBuildFile; fileRef = 6A9F19A3279A5AF700F946DE /* BMR計算公式.swift */; };
		6A9F19B7279A612100F946DE /* allJudge2.swift in Sources */ = {isa = PBXBuildFile; fileRef = 6A9F19B6279A612100F946DE /* allJudge2.swift */; };
		6A9F19B9279A613000F946DE /* discount.swift in Sources */ = {isa = PBXBuildFile; fileRef = 6A9F19B8279A613000F946DE /* discount.swift */; };
		6A9F19BB279A614200F946DE /* Judge.swift in Sources */ = {isa = PBXBuildFile; fileRef = 6A9F19BA279A614200F946DE /* Judge.swift */; };
		6A9F19BD279A615100F946DE /* judgeData.swift in Sources */ = {isa = PBXBuildFile; fileRef = 6A9F19BC279A615100F946DE /* judgeData.swift */; };
		6A9F19BF279A616400F946DE /* Main.swift in Sources */ = {isa = PBXBuildFile; fileRef = 6A9F19BE279A616400F946DE /* Main.swift */; };
		6A9F19C1279A616D00F946DE /* mainView.swift in Sources */ = {isa = PBXBuildFile; fileRef = 6A9F19C0279A616C00F946DE /* mainView.swift */; };
		6A9F19C3279A61D900F946DE /* star.swift in Sources */ = {isa = PBXBuildFile; fileRef = 6A9F19C2279A61D900F946DE /* star.swift */; };
		6A9F19C9279A6A2A00F946DE /* AppDelegate.swift in Sources */ = {isa = PBXBuildFile; fileRef = 6A9F19C8279A6A2A00F946DE /* AppDelegate.swift */; };
		6A9F19CB279A6A4600F946DE /* DataModel.swift in Sources */ = {isa = PBXBuildFile; fileRef = 6A9F19CA279A6A4600F946DE /* DataModel.swift */; };
		6AEC1FA8279A7E18008B075A /* iBMRApp.swift in Sources */ = {isa = PBXBuildFile; fileRef = 6AEC1FA7279A7E18008B075A /* iBMRApp.swift */; };
		6AEC1FAB279A7E2F008B075A /* MDL link.swift in Sources */ = {isa = PBXBuildFile; fileRef = 6AEC1FAA279A7E2F008B075A /* MDL link.swift */; };
		6AEC1FB6279A7E4F008B075A /* FoodMainView.swift in Sources */ = {isa = PBXBuildFile; fileRef = 6AEC1FAD279A7E4F008B075A /* FoodMainView.swift */; };
		6AEC1FB7279A7E4F008B075A /* ChangeView.swift in Sources */ = {isa = PBXBuildFile; fileRef = 6AEC1FAE279A7E4F008B075A /* ChangeView.swift */; };
		6AEC1FB8279A7E4F008B075A /* MainView2.swift in Sources */ = {isa = PBXBuildFile; fileRef = 6AEC1FAF279A7E4F008B075A /* MainView2.swift */; };
		6AEC1FB9279A7E4F008B075A /* BMI.swift in Sources */ = {isa = PBXBuildFile; fileRef = 6AEC1FB0279A7E4F008B075A /* BMI.swift */; };
		6AEC1FBA279A7E4F008B075A /* Roy main.swift in Sources */ = {isa = PBXBuildFile; fileRef = 6AEC1FB1279A7E4F008B075A /* Roy main.swift */; };
		6AEC1FBB279A7E4F008B075A /* SignView2.swift in Sources */ = {isa = PBXBuildFile; fileRef = 6AEC1FB2279A7E4F008B075A /* SignView2.swift */; };
		6AEC1FBC279A7E4F008B075A /* TempView.swift in Sources */ = {isa = PBXBuildFile; fileRef = 6AEC1FB3279A7E4F008B075A /* TempView.swift */; };
		6AEC1FBD279A7E4F008B075A /* TDEE.swift in Sources */ = {isa = PBXBuildFile; fileRef = 6AEC1FB4279A7E4F008B075A /* TDEE.swift */; };
		6AEC1FBE279A7E4F008B075A /* TabView2.swift in Sources */ = {isa = PBXBuildFile; fileRef = 6AEC1FB5279A7E4F008B075A /* TabView2.swift */; };
		6AEC1FCF279A7EBA008B075A /* TalkModel.swift in Sources */ = {isa = PBXBuildFile; fileRef = 6AEC1FC3279A7EBA008B075A /* TalkModel.swift */; };
		6AEC1FD0279A7EBA008B075A /* TalkView.swift in Sources */ = {isa = PBXBuildFile; fileRef = 6AEC1FC5279A7EBA008B075A /* TalkView.swift */; };
		6AEC1FD1279A7EBA008B075A /* NavigationDemo.swift in Sources */ = {isa = PBXBuildFile; fileRef = 6AEC1FC6279A7EBA008B075A /* NavigationDemo.swift */; };
		6AEC1FD2279A7EBA008B075A /* Mod.swift in Sources */ = {isa = PBXBuildFile; fileRef = 6AEC1FC7279A7EBA008B075A /* Mod.swift */; };
		6AEC1FD3279A7EBA008B075A /* TalkMsg.swift in Sources */ = {isa = PBXBuildFile; fileRef = 6AEC1FC8279A7EBA008B075A /* TalkMsg.swift */; };
		6AEC1FD4279A7EBA008B075A /* ButtonDemo.swift in Sources */ = {isa = PBXBuildFile; fileRef = 6AEC1FC9279A7EBA008B075A /* ButtonDemo.swift */; };
		6AEC1FD5279A7EBA008B075A /* SearchBar.swift in Sources */ = {isa = PBXBuildFile; fileRef = 6AEC1FCA279A7EBA008B075A /* SearchBar.swift */; };
		6AEC1FD6279A7EBA008B075A /* SignView.swift in Sources */ = {isa = PBXBuildFile; fileRef = 6AEC1FCB279A7EBA008B075A /* SignView.swift */; };
		6AEC1FD8279A7EBA008B075A /* MainView.swift in Sources */ = {isa = PBXBuildFile; fileRef = 6AEC1FCD279A7EBA008B075A /* MainView.swift */; };
		6AEC1FD9279A7EBA008B075A /* AuthenticationViewModel.swift in Sources */ = {isa = PBXBuildFile; fileRef = 6AEC1FCE279A7EBA008B075A /* AuthenticationViewModel.swift */; };
		6AEC1FDF279A7EF3008B075A /* ShopDemoView.swift in Sources */ = {isa = PBXBuildFile; fileRef = 6AEC1FDB279A7EF3008B075A /* ShopDemoView.swift */; };
		6AEC1FE0279A7EF3008B075A /* FoodNameView.swift in Sources */ = {isa = PBXBuildFile; fileRef = 6AEC1FDC279A7EF3008B075A /* FoodNameView.swift */; };
		6AEC1FE1279A7EF3008B075A /* food.swift in Sources */ = {isa = PBXBuildFile; fileRef = 6AEC1FDD279A7EF3008B075A /* food.swift */; };
		6AEC1FE2279A7EF3008B075A /* Restaurant.swift in Sources */ = {isa = PBXBuildFile; fileRef = 6AEC1FDE279A7EF3008B075A /* Restaurant.swift */; };
		B68DE005E1FD5EC0C114F6B1 /* Pods_iBMR.framework in Frameworks */ = {isa = PBXBuildFile; fileRef = 836AC080D1F6A33333834051 /* Pods_iBMR.framework */; };
/* End PBXBuildFile section */

/* Begin PBXFileReference section */
		3A317F4A09939A604DBB88C1 /* Pods-iBMR.release.xcconfig */ = {isa = PBXFileReference; includeInIndex = 1; lastKnownFileType = text.xcconfig; name = "Pods-iBMR.release.xcconfig"; path = "Target Support Files/Pods-iBMR/Pods-iBMR.release.xcconfig"; sourceTree = "<group>"; };
		4E6E59E0D0424488A5493E81 /* Pods-iBMR.debug.xcconfig */ = {isa = PBXFileReference; includeInIndex = 1; lastKnownFileType = text.xcconfig; name = "Pods-iBMR.debug.xcconfig"; path = "Target Support Files/Pods-iBMR/Pods-iBMR.debug.xcconfig"; sourceTree = "<group>"; };
		66B5AFB327911D0000D9ADE0 /* iBMR.app */ = {isa = PBXFileReference; explicitFileType = wrapper.application; includeInIndex = 0; path = iBMR.app; sourceTree = BUILT_PRODUCTS_DIR; };
		66B5AFB627911D0000D9ADE0 /* iBMRApp.swift */ = {isa = PBXFileReference; lastKnownFileType = sourcecode.swift; path = iBMRApp.swift; sourceTree = "<group>"; };
		66B5AFB827911D0000D9ADE0 /* ContentView.swift */ = {isa = PBXFileReference; lastKnownFileType = sourcecode.swift; path = ContentView.swift; sourceTree = "<group>"; };
		66B5AFBA27911D0100D9ADE0 /* Assets.xcassets */ = {isa = PBXFileReference; lastKnownFileType = folder.assetcatalog; path = Assets.xcassets; sourceTree = "<group>"; };
		66B5AFBD27911D0100D9ADE0 /* Preview Assets.xcassets */ = {isa = PBXFileReference; lastKnownFileType = folder.assetcatalog; path = "Preview Assets.xcassets"; sourceTree = "<group>"; };
		6A9F1993279A5AB700F946DE /* CaloriesView.swift */ = {isa = PBXFileReference; fileEncoding = 4; lastKnownFileType = sourcecode.swift; path = CaloriesView.swift; sourceTree = "<group>"; };
		6A9F1994279A5AB700F946DE /* Comment View.swift */ = {isa = PBXFileReference; fileEncoding = 4; lastKnownFileType = sourcecode.swift; path = "Comment View.swift"; sourceTree = "<group>"; };
		6A9F1995279A5AB700F946DE /* BMIView.swift */ = {isa = PBXFileReference; fileEncoding = 4; lastKnownFileType = sourcecode.swift; path = BMIView.swift; sourceTree = "<group>"; };
		6A9F1996279A5AB700F946DE /* Lose Weight View.swift */ = {isa = PBXFileReference; fileEncoding = 4; lastKnownFileType = sourcecode.swift; path = "Lose Weight View.swift"; sourceTree = "<group>"; };
		6A9F199B279A5ACB00F946DE /* BMR Boy View.swift */ = {isa = PBXFileReference; fileEncoding = 4; lastKnownFileType = sourcecode.swift; path = "BMR Boy View.swift"; sourceTree = "<group>"; };
		6A9F199D279A5AEB00F946DE /* BMR Girl View.swift */ = {isa = PBXFileReference; fileEncoding = 4; lastKnownFileType = sourcecode.swift; path = "BMR Girl View.swift"; sourceTree = "<group>"; };
		6A9F199F279A5AF100F946DE /* TDEE View.swift */ = {isa = PBXFileReference; fileEncoding = 4; lastKnownFileType = sourcecode.swift; path = "TDEE View.swift"; sourceTree = "<group>"; };
		6A9F19A2279A5AF700F946DE /* 模組.swift */ = {isa = PBXFileReference; fileEncoding = 4; lastKnownFileType = sourcecode.swift; path = "模組.swift"; sourceTree = "<group>"; };
		6A9F19A3279A5AF700F946DE /* BMR計算公式.swift */ = {isa = PBXFileReference; fileEncoding = 4; lastKnownFileType = sourcecode.swift; path = "BMR計算公式.swift"; sourceTree = "<group>"; };
		6A9F19B6279A612100F946DE /* allJudge2.swift */ = {isa = PBXFileReference; fileEncoding = 4; lastKnownFileType = sourcecode.swift; path = allJudge2.swift; sourceTree = "<group>"; };
		6A9F19B8279A613000F946DE /* discount.swift */ = {isa = PBXFileReference; fileEncoding = 4; lastKnownFileType = sourcecode.swift; path = discount.swift; sourceTree = "<group>"; };
		6A9F19BA279A614200F946DE /* Judge.swift */ = {isa = PBXFileReference; fileEncoding = 4; lastKnownFileType = sourcecode.swift; path = Judge.swift; sourceTree = "<group>"; };
		6A9F19BC279A615100F946DE /* judgeData.swift */ = {isa = PBXFileReference; fileEncoding = 4; lastKnownFileType = sourcecode.swift; path = judgeData.swift; sourceTree = "<group>"; };
		6A9F19BE279A616400F946DE /* Main.swift */ = {isa = PBXFileReference; fileEncoding = 4; lastKnownFileType = sourcecode.swift; path = Main.swift; sourceTree = "<group>"; };
		6A9F19C0279A616C00F946DE /* mainView.swift */ = {isa = PBXFileReference; fileEncoding = 4; lastKnownFileType = sourcecode.swift; path = mainView.swift; sourceTree = "<group>"; };
		6A9F19C2279A61D900F946DE /* star.swift */ = {isa = PBXFileReference; fileEncoding = 4; lastKnownFileType = sourcecode.swift; path = star.swift; sourceTree = "<group>"; };
		6A9F19C8279A6A2A00F946DE /* AppDelegate.swift */ = {isa = PBXFileReference; fileEncoding = 4; lastKnownFileType = sourcecode.swift; path = AppDelegate.swift; sourceTree = "<group>"; };
		6A9F19CA279A6A4600F946DE /* DataModel.swift */ = {isa = PBXFileReference; fileEncoding = 4; lastKnownFileType = sourcecode.swift; path = DataModel.swift; sourceTree = "<group>"; };
		6AEC1FA7279A7E18008B075A /* iBMRApp.swift */ = {isa = PBXFileReference; fileEncoding = 4; lastKnownFileType = sourcecode.swift; path = iBMRApp.swift; sourceTree = "<group>"; };
		6AEC1FAA279A7E2F008B075A /* MDL link.swift */ = {isa = PBXFileReference; fileEncoding = 4; lastKnownFileType = sourcecode.swift; path = "MDL link.swift"; sourceTree = "<group>"; };
		6AEC1FAD279A7E4F008B075A /* FoodMainView.swift */ = {isa = PBXFileReference; fileEncoding = 4; lastKnownFileType = sourcecode.swift; path = FoodMainView.swift; sourceTree = "<group>"; };
		6AEC1FAE279A7E4F008B075A /* ChangeView.swift */ = {isa = PBXFileReference; fileEncoding = 4; lastKnownFileType = sourcecode.swift; path = ChangeView.swift; sourceTree = "<group>"; };
		6AEC1FAF279A7E4F008B075A /* MainView2.swift */ = {isa = PBXFileReference; fileEncoding = 4; lastKnownFileType = sourcecode.swift; path = MainView2.swift; sourceTree = "<group>"; };
		6AEC1FB0279A7E4F008B075A /* BMI.swift */ = {isa = PBXFileReference; fileEncoding = 4; lastKnownFileType = sourcecode.swift; path = BMI.swift; sourceTree = "<group>"; };
		6AEC1FB1279A7E4F008B075A /* Roy main.swift */ = {isa = PBXFileReference; fileEncoding = 4; lastKnownFileType = sourcecode.swift; path = "Roy main.swift"; sourceTree = "<group>"; };
		6AEC1FB2279A7E4F008B075A /* SignView2.swift */ = {isa = PBXFileReference; fileEncoding = 4; lastKnownFileType = sourcecode.swift; path = SignView2.swift; sourceTree = "<group>"; };
		6AEC1FB3279A7E4F008B075A /* TempView.swift */ = {isa = PBXFileReference; fileEncoding = 4; lastKnownFileType = sourcecode.swift; path = TempView.swift; sourceTree = "<group>"; };
		6AEC1FB4279A7E4F008B075A /* TDEE.swift */ = {isa = PBXFileReference; fileEncoding = 4; lastKnownFileType = sourcecode.swift; path = TDEE.swift; sourceTree = "<group>"; };
		6AEC1FB5279A7E4F008B075A /* TabView2.swift */ = {isa = PBXFileReference; fileEncoding = 4; lastKnownFileType = sourcecode.swift; path = TabView2.swift; sourceTree = "<group>"; };
		6AEC1FC3279A7EBA008B075A /* TalkModel.swift */ = {isa = PBXFileReference; fileEncoding = 4; lastKnownFileType = sourcecode.swift; path = TalkModel.swift; sourceTree = "<group>"; };
		6AEC1FC5279A7EBA008B075A /* TalkView.swift */ = {isa = PBXFileReference; fileEncoding = 4; lastKnownFileType = sourcecode.swift; path = TalkView.swift; sourceTree = "<group>"; };
		6AEC1FC6279A7EBA008B075A /* NavigationDemo.swift */ = {isa = PBXFileReference; fileEncoding = 4; lastKnownFileType = sourcecode.swift; path = NavigationDemo.swift; sourceTree = "<group>"; };
		6AEC1FC7279A7EBA008B075A /* Mod.swift */ = {isa = PBXFileReference; fileEncoding = 4; lastKnownFileType = sourcecode.swift; path = Mod.swift; sourceTree = "<group>"; };
		6AEC1FC8279A7EBA008B075A /* TalkMsg.swift */ = {isa = PBXFileReference; fileEncoding = 4; lastKnownFileType = sourcecode.swift; path = TalkMsg.swift; sourceTree = "<group>"; };
		6AEC1FC9279A7EBA008B075A /* ButtonDemo.swift */ = {isa = PBXFileReference; fileEncoding = 4; lastKnownFileType = sourcecode.swift; path = ButtonDemo.swift; sourceTree = "<group>"; };
		6AEC1FCA279A7EBA008B075A /* SearchBar.swift */ = {isa = PBXFileReference; fileEncoding = 4; lastKnownFileType = sourcecode.swift; path = SearchBar.swift; sourceTree = "<group>"; };
		6AEC1FCB279A7EBA008B075A /* SignView.swift */ = {isa = PBXFileReference; fileEncoding = 4; lastKnownFileType = sourcecode.swift; path = SignView.swift; sourceTree = "<group>"; };
		6AEC1FCD279A7EBA008B075A /* MainView.swift */ = {isa = PBXFileReference; fileEncoding = 4; lastKnownFileType = sourcecode.swift; path = MainView.swift; sourceTree = "<group>"; };
		6AEC1FCE279A7EBA008B075A /* AuthenticationViewModel.swift */ = {isa = PBXFileReference; fileEncoding = 4; lastKnownFileType = sourcecode.swift; path = AuthenticationViewModel.swift; sourceTree = "<group>"; };
		6AEC1FDB279A7EF3008B075A /* ShopDemoView.swift */ = {isa = PBXFileReference; fileEncoding = 4; lastKnownFileType = sourcecode.swift; path = ShopDemoView.swift; sourceTree = "<group>"; };
		6AEC1FDC279A7EF3008B075A /* FoodNameView.swift */ = {isa = PBXFileReference; fileEncoding = 4; lastKnownFileType = sourcecode.swift; path = FoodNameView.swift; sourceTree = "<group>"; };
		6AEC1FDD279A7EF3008B075A /* food.swift */ = {isa = PBXFileReference; fileEncoding = 4; lastKnownFileType = sourcecode.swift; path = food.swift; sourceTree = "<group>"; };
		6AEC1FDE279A7EF3008B075A /* Restaurant.swift */ = {isa = PBXFileReference; fileEncoding = 4; lastKnownFileType = sourcecode.swift; path = Restaurant.swift; sourceTree = "<group>"; };
		836AC080D1F6A33333834051 /* Pods_iBMR.framework */ = {isa = PBXFileReference; explicitFileType = wrapper.framework; includeInIndex = 0; path = Pods_iBMR.framework; sourceTree = BUILT_PRODUCTS_DIR; };
/* End PBXFileReference section */

/* Begin PBXFrameworksBuildPhase section */
		66B5AFB027911D0000D9ADE0 /* Frameworks */ = {
			isa = PBXFrameworksBuildPhase;
			buildActionMask = 2147483647;
			files = (
				B68DE005E1FD5EC0C114F6B1 /* Pods_iBMR.framework in Frameworks */,
			);
			runOnlyForDeploymentPostprocessing = 0;
		};
/* End PBXFrameworksBuildPhase section */

/* Begin PBXGroup section */
		047ECC4AC8114D1DC6089C65 /* Pods */ = {
			isa = PBXGroup;
			children = (
				4E6E59E0D0424488A5493E81 /* Pods-iBMR.debug.xcconfig */,
				3A317F4A09939A604DBB88C1 /* Pods-iBMR.release.xcconfig */,
			);
			path = Pods;
			sourceTree = "<group>";
		};
		07260FCB5D82350A993A7B30 /* Frameworks */ = {
			isa = PBXGroup;
			children = (
				836AC080D1F6A33333834051 /* Pods_iBMR.framework */,
			);
			name = Frameworks;
			sourceTree = "<group>";
		};
		66B5AFAA27911D0000D9ADE0 = {
			isa = PBXGroup;
			children = (
				66B5AFB527911D0000D9ADE0 /* iBMR */,
				66B5AFB427911D0000D9ADE0 /* Products */,
				047ECC4AC8114D1DC6089C65 /* Pods */,
				07260FCB5D82350A993A7B30 /* Frameworks */,
			);
			sourceTree = "<group>";
		};
		66B5AFB427911D0000D9ADE0 /* Products */ = {
			isa = PBXGroup;
			children = (
				66B5AFB327911D0000D9ADE0 /* iBMR.app */,
			);
			name = Products;
			sourceTree = "<group>";
		};
		66B5AFB527911D0000D9ADE0 /* iBMR */ = {
			isa = PBXGroup;
			children = (
				6A9F19C7279A69A100F946DE /* Roy */,
				6A9F19C5279A62F100F946DE /* Jack */,
				6A9F19C6279A633C00F946DE /* DJS */,
				6A9F19A6279A5D4800F946DE /* Hide */,
				66B5AFBA27911D0100D9ADE0 /* Assets.xcassets */,
				66B5AFBC27911D0100D9ADE0 /* Preview Content */,
			);
			path = iBMR;
			sourceTree = "<group>";
		};
		66B5AFBC27911D0100D9ADE0 /* Preview Content */ = {
			isa = PBXGroup;
			children = (
				66B5AFBD27911D0100D9ADE0 /* Preview Assets.xcassets */,
			);
			path = "Preview Content";
			sourceTree = "<group>";
		};
		6A9F1992279A5AB700F946DE /* Add */ = {
			isa = PBXGroup;
			children = (
				6A9F1993279A5AB700F946DE /* CaloriesView.swift */,
				6A9F1994279A5AB700F946DE /* Comment View.swift */,
				6A9F1995279A5AB700F946DE /* BMIView.swift */,
				6A9F1996279A5AB700F946DE /* Lose Weight View.swift */,
			);
			path = Add;
			sourceTree = "<group>";
		};
		6A9F19A1279A5AF700F946DE /* Mode */ = {
			isa = PBXGroup;
			children = (
				6A9F19A2279A5AF700F946DE /* 模組.swift */,
				6A9F19A3279A5AF700F946DE /* BMR計算公式.swift */,
			);
			path = Mode;
			sourceTree = "<group>";
		};
		6A9F19A6279A5D4800F946DE /* Hide */ = {
			isa = PBXGroup;
			children = (
				66B5AFB827911D0000D9ADE0 /* ContentView.swift */,
				66B5AFB627911D0000D9ADE0 /* iBMRApp.swift */,
			);
			path = Hide;
			sourceTree = "<group>";
		};
		6A9F19B5279A5E3500F946DE /* BMR */ = {
			isa = PBXGroup;
			children = (
				6A9F199B279A5ACB00F946DE /* BMR Boy View.swift */,
				6A9F199D279A5AEB00F946DE /* BMR Girl View.swift */,
				6A9F199F279A5AF100F946DE /* TDEE View.swift */,
			);
			path = BMR;
			sourceTree = "<group>";
		};
		6A9F19C4279A62D500F946DE /* Mode B */ = {
			isa = PBXGroup;
			children = (
				6A9F19C2279A61D900F946DE /* star.swift */,
				6A9F19BC279A615100F946DE /* judgeData.swift */,
			);
			path = "Mode B";
			sourceTree = "<group>";
		};
		6A9F19C5279A62F100F946DE /* Jack */ = {
			isa = PBXGroup;
			children = (
				6A9F19B5279A5E3500F946DE /* BMR */,
				6A9F1992279A5AB700F946DE /* Add */,
				6A9F19A1279A5AF700F946DE /* Mode */,
			);
			path = Jack;
			sourceTree = "<group>";
		};
		6A9F19C6279A633C00F946DE /* DJS */ = {
			isa = PBXGroup;
			children = (
				6A9F19BE279A616400F946DE /* Main.swift */,
				6A9F19B6279A612100F946DE /* allJudge2.swift */,
				6A9F19BA279A614200F946DE /* Judge.swift */,
				6A9F19B8279A613000F946DE /* discount.swift */,
				6A9F19C0279A616C00F946DE /* mainView.swift */,
				6A9F19C4279A62D500F946DE /* Mode B */,
			);
			path = DJS;
			sourceTree = "<group>";
		};
		6A9F19C7279A69A100F946DE /* Roy */ = {
			isa = PBXGroup;
			children = (
				6A9F19C8279A6A2A00F946DE /* AppDelegate.swift */,
				6A9F19CA279A6A4600F946DE /* DataModel.swift */,
				6AEC1FA7279A7E18008B075A /* iBMRApp.swift */,
				6AEC1FC2279A7EBA008B075A /* Model */,
				6AEC1FAC279A7E4F008B075A /* Main View */,
				6AEC1FA9279A7E2F008B075A /* Nagivationview */,
			);
			path = Roy;
			sourceTree = "<group>";
		};
		6AEC1FA9279A7E2F008B075A /* Nagivationview */ = {
			isa = PBXGroup;
			children = (
				6AEC1FDA279A7EF3008B075A /* shopView */,
				6AEC1FAA279A7E2F008B075A /* MDL link.swift */,
			);
			path = Nagivationview;
			sourceTree = "<group>";
		};
		6AEC1FAC279A7E4F008B075A /* Main View */ = {
			isa = PBXGroup;
			children = (
				6AEC1FAD279A7E4F008B075A /* FoodMainView.swift */,
				6AEC1FAE279A7E4F008B075A /* ChangeView.swift */,
				6AEC1FAF279A7E4F008B075A /* MainView2.swift */,
				6AEC1FB0279A7E4F008B075A /* BMI.swift */,
				6AEC1FB1279A7E4F008B075A /* Roy main.swift */,
				6AEC1FB2279A7E4F008B075A /* SignView2.swift */,
				6AEC1FB3279A7E4F008B075A /* TempView.swift */,
				6AEC1FB4279A7E4F008B075A /* TDEE.swift */,
				6AEC1FB5279A7E4F008B075A /* TabView2.swift */,
			);
			path = "Main View";
			sourceTree = "<group>";
		};
		6AEC1FC2279A7EBA008B075A /* Model */ = {
			isa = PBXGroup;
			children = (
				6AEC1FC3279A7EBA008B075A /* TalkModel.swift */,
				6AEC1FC4279A7EBA008B075A /* View */,
			);
			path = Model;
			sourceTree = "<group>";
		};
		6AEC1FC4279A7EBA008B075A /* View */ = {
			isa = PBXGroup;
			children = (
				6AEC1FC5279A7EBA008B075A /* TalkView.swift */,
				6AEC1FC6279A7EBA008B075A /* NavigationDemo.swift */,
				6AEC1FC7279A7EBA008B075A /* Mod.swift */,
				6AEC1FC8279A7EBA008B075A /* TalkMsg.swift */,
				6AEC1FC9279A7EBA008B075A /* ButtonDemo.swift */,
				6AEC1FCA279A7EBA008B075A /* SearchBar.swift */,
				6AEC1FCB279A7EBA008B075A /* SignView.swift */,
				6AEC1FCD279A7EBA008B075A /* MainView.swift */,
				6AEC1FCE279A7EBA008B075A /* AuthenticationViewModel.swift */,
			);
			path = View;
			sourceTree = "<group>";
		};
		6AEC1FDA279A7EF3008B075A /* shopView */ = {
			isa = PBXGroup;
			children = (
				6AEC1FDB279A7EF3008B075A /* ShopDemoView.swift */,
				6AEC1FDC279A7EF3008B075A /* FoodNameView.swift */,
				6AEC1FDD279A7EF3008B075A /* food.swift */,
				6AEC1FDE279A7EF3008B075A /* Restaurant.swift */,
			);
			path = shopView;
			sourceTree = "<group>";
		};
/* End PBXGroup section */

/* Begin PBXNativeTarget section */
		66B5AFB227911D0000D9ADE0 /* iBMR */ = {
			isa = PBXNativeTarget;
			buildConfigurationList = 66B5AFC127911D0100D9ADE0 /* Build configuration list for PBXNativeTarget "iBMR" */;
			buildPhases = (
				31C595BBE9F0F46C95C97400 /* [CP] Check Pods Manifest.lock */,
				66B5AFAF27911D0000D9ADE0 /* Sources */,
				66B5AFB027911D0000D9ADE0 /* Frameworks */,
				66B5AFB127911D0000D9ADE0 /* Resources */,
				B464CCF9E1352073317E5EB8 /* [CP] Embed Pods Frameworks */,
			);
			buildRules = (
			);
			dependencies = (
			);
			name = iBMR;
			productName = iBMR;
			productReference = 66B5AFB327911D0000D9ADE0 /* iBMR.app */;
			productType = "com.apple.product-type.application";
		};
/* End PBXNativeTarget section */

/* Begin PBXProject section */
		66B5AFAB27911D0000D9ADE0 /* Project object */ = {
			isa = PBXProject;
			attributes = {
				BuildIndependentTargetsInParallel = 1;
				LastSwiftUpdateCheck = 1320;
				LastUpgradeCheck = 1320;
				TargetAttributes = {
					66B5AFB227911D0000D9ADE0 = {
						CreatedOnToolsVersion = 13.2.1;
					};
				};
			};
			buildConfigurationList = 66B5AFAE27911D0000D9ADE0 /* Build configuration list for PBXProject "iBMR" */;
			compatibilityVersion = "Xcode 13.0";
			developmentRegion = en;
			hasScannedForEncodings = 0;
			knownRegions = (
				en,
				Base,
			);
			mainGroup = 66B5AFAA27911D0000D9ADE0;
			productRefGroup = 66B5AFB427911D0000D9ADE0 /* Products */;
			projectDirPath = "";
			projectRoot = "";
			targets = (
				66B5AFB227911D0000D9ADE0 /* iBMR */,
			);
		};
/* End PBXProject section */

/* Begin PBXResourcesBuildPhase section */
		66B5AFB127911D0000D9ADE0 /* Resources */ = {
			isa = PBXResourcesBuildPhase;
			buildActionMask = 2147483647;
			files = (
				66B5AFBE27911D0100D9ADE0 /* Preview Assets.xcassets in Resources */,
				66B5AFBB27911D0100D9ADE0 /* Assets.xcassets in Resources */,
			);
			runOnlyForDeploymentPostprocessing = 0;
		};
/* End PBXResourcesBuildPhase section */

/* Begin PBXShellScriptBuildPhase section */
		31C595BBE9F0F46C95C97400 /* [CP] Check Pods Manifest.lock */ = {
			isa = PBXShellScriptBuildPhase;
			buildActionMask = 2147483647;
			files = (
			);
			inputFileListPaths = (
			);
			inputPaths = (
				"${PODS_PODFILE_DIR_PATH}/Podfile.lock",
				"${PODS_ROOT}/Manifest.lock",
			);
			name = "[CP] Check Pods Manifest.lock";
			outputFileListPaths = (
			);
			outputPaths = (
				"$(DERIVED_FILE_DIR)/Pods-iBMR-checkManifestLockResult.txt",
			);
			runOnlyForDeploymentPostprocessing = 0;
			shellPath = /bin/sh;
			shellScript = "diff \"${PODS_PODFILE_DIR_PATH}/Podfile.lock\" \"${PODS_ROOT}/Manifest.lock\" > /dev/null\nif [ $? != 0 ] ; then\n    # print error to STDERR\n    echo \"error: The sandbox is not in sync with the Podfile.lock. Run 'pod install' or update your CocoaPods installation.\" >&2\n    exit 1\nfi\n# This output is used by Xcode 'outputs' to avoid re-running this script phase.\necho \"SUCCESS\" > \"${SCRIPT_OUTPUT_FILE_0}\"\n";
			showEnvVarsInLog = 0;
		};
		B464CCF9E1352073317E5EB8 /* [CP] Embed Pods Frameworks */ = {
			isa = PBXShellScriptBuildPhase;
			buildActionMask = 2147483647;
			files = (
			);
			inputFileListPaths = (
				"${PODS_ROOT}/Target Support Files/Pods-iBMR/Pods-iBMR-frameworks-${CONFIGURATION}-input-files.xcfilelist",
			);
			name = "[CP] Embed Pods Frameworks";
			outputFileListPaths = (
				"${PODS_ROOT}/Target Support Files/Pods-iBMR/Pods-iBMR-frameworks-${CONFIGURATION}-output-files.xcfilelist",
			);
			runOnlyForDeploymentPostprocessing = 0;
			shellPath = /bin/sh;
			shellScript = "\"${PODS_ROOT}/Target Support Files/Pods-iBMR/Pods-iBMR-frameworks.sh\"\n";
			showEnvVarsInLog = 0;
		};
/* End PBXShellScriptBuildPhase section */

/* Begin PBXSourcesBuildPhase section */
		66B5AFAF27911D0000D9ADE0 /* Sources */ = {
			isa = PBXSourcesBuildPhase;
			buildActionMask = 2147483647;
			files = (
				6A9F19A4279A5AF700F946DE /* 模組.swift in Sources */,
				6A9F199E279A5AEB00F946DE /* BMR Girl View.swift in Sources */,
				6A9F19C9279A6A2A00F946DE /* AppDelegate.swift in Sources */,
				6AEC1FD3279A7EBA008B075A /* TalkMsg.swift in Sources */,
				6AEC1FDF279A7EF3008B075A /* ShopDemoView.swift in Sources */,
				6A9F19A5279A5AF700F946DE /* BMR計算公式.swift in Sources */,
				6AEC1FD2279A7EBA008B075A /* Mod.swift in Sources */,
				6AEC1FB7279A7E4F008B075A /* ChangeView.swift in Sources */,
				6AEC1FBD279A7E4F008B075A /* TDEE.swift in Sources */,
				6AEC1FB6279A7E4F008B075A /* FoodMainView.swift in Sources */,
				6AEC1FD6279A7EBA008B075A /* SignView.swift in Sources */,
				6AEC1FCF279A7EBA008B075A /* TalkModel.swift in Sources */,
				6A9F1997279A5AB700F946DE /* CaloriesView.swift in Sources */,
				6A9F19CB279A6A4600F946DE /* DataModel.swift in Sources */,
				6AEC1FE1279A7EF3008B075A /* food.swift in Sources */,
				6AEC1FAB279A7E2F008B075A /* MDL link.swift in Sources */,
				6A9F199A279A5AB700F946DE /* Lose Weight View.swift in Sources */,
				6AEC1FD1279A7EBA008B075A /* NavigationDemo.swift in Sources */,
				6AEC1FD5279A7EBA008B075A /* SearchBar.swift in Sources */,
				6AEC1FD8279A7EBA008B075A /* MainView.swift in Sources */,
				6A9F19C1279A616D00F946DE /* mainView.swift in Sources */,
				6AEC1FD4279A7EBA008B075A /* ButtonDemo.swift in Sources */,
				6A9F19A0279A5AF100F946DE /* TDEE View.swift in Sources */,
				6AEC1FB9279A7E4F008B075A /* BMI.swift in Sources */,
				66B5AFB927911D0000D9ADE0 /* ContentView.swift in Sources */,
				6AEC1FBA279A7E4F008B075A /* Roy main.swift in Sources */,
				6A9F19B9279A613000F946DE /* discount.swift in Sources */,
				6A9F199C279A5ACB00F946DE /* BMR Boy View.swift in Sources */,
				6A9F19B7279A612100F946DE /* allJudge2.swift in Sources */,
				6A9F19C3279A61D900F946DE /* star.swift in Sources */,
				6A9F19BF279A616400F946DE /* Main.swift in Sources */,
				6AEC1FBE279A7E4F008B075A /* TabView2.swift in Sources */,
				6AEC1FE2279A7EF3008B075A /* Restaurant.swift in Sources */,
				6AEC1FD9279A7EBA008B075A /* AuthenticationViewModel.swift in Sources */,
				6AEC1FBB279A7E4F008B075A /* SignView2.swift in Sources */,
				6AEC1FBC279A7E4F008B075A /* TempView.swift in Sources */,
				6A9F1999279A5AB700F946DE /* BMIView.swift in Sources */,
				6AEC1FB8279A7E4F008B075A /* MainView2.swift in Sources */,
				6AEC1FA8279A7E18008B075A /* iBMRApp.swift in Sources */,
				66B5AFB727911D0000D9ADE0 /* iBMRApp.swift in Sources */,
				6AEC1FD0279A7EBA008B075A /* TalkView.swift in Sources */,
				6A9F19BD279A615100F946DE /* judgeData.swift in Sources */,
				6AEC1FE0279A7EF3008B075A /* FoodNameView.swift in Sources */,
				6A9F1998279A5AB700F946DE /* Comment View.swift in Sources */,
				6A9F19BB279A614200F946DE /* Judge.swift in Sources */,
			);
			runOnlyForDeploymentPostprocessing = 0;
		};
/* End PBXSourcesBuildPhase section */

/* Begin XCBuildConfiguration section */
		66B5AFBF27911D0100D9ADE0 /* Debug */ = {
			isa = XCBuildConfiguration;
			buildSettings = {
				ALWAYS_SEARCH_USER_PATHS = NO;
				CLANG_ANALYZER_NONNULL = YES;
				CLANG_ANALYZER_NUMBER_OBJECT_CONVERSION = YES_AGGRESSIVE;
				CLANG_CXX_LANGUAGE_STANDARD = "gnu++17";
				CLANG_CXX_LIBRARY = "libc++";
				CLANG_ENABLE_MODULES = YES;
				CLANG_ENABLE_OBJC_ARC = YES;
				CLANG_ENABLE_OBJC_WEAK = YES;
				CLANG_WARN_BLOCK_CAPTURE_AUTORELEASING = YES;
				CLANG_WARN_BOOL_CONVERSION = YES;
				CLANG_WARN_COMMA = YES;
				CLANG_WARN_CONSTANT_CONVERSION = YES;
				CLANG_WARN_DEPRECATED_OBJC_IMPLEMENTATIONS = YES;
				CLANG_WARN_DIRECT_OBJC_ISA_USAGE = YES_ERROR;
				CLANG_WARN_DOCUMENTATION_COMMENTS = YES;
				CLANG_WARN_EMPTY_BODY = YES;
				CLANG_WARN_ENUM_CONVERSION = YES;
				CLANG_WARN_INFINITE_RECURSION = YES;
				CLANG_WARN_INT_CONVERSION = YES;
				CLANG_WARN_NON_LITERAL_NULL_CONVERSION = YES;
				CLANG_WARN_OBJC_IMPLICIT_RETAIN_SELF = YES;
				CLANG_WARN_OBJC_LITERAL_CONVERSION = YES;
				CLANG_WARN_OBJC_ROOT_CLASS = YES_ERROR;
				CLANG_WARN_QUOTED_INCLUDE_IN_FRAMEWORK_HEADER = YES;
				CLANG_WARN_RANGE_LOOP_ANALYSIS = YES;
				CLANG_WARN_STRICT_PROTOTYPES = YES;
				CLANG_WARN_SUSPICIOUS_MOVE = YES;
				CLANG_WARN_UNGUARDED_AVAILABILITY = YES_AGGRESSIVE;
				CLANG_WARN_UNREACHABLE_CODE = YES;
				CLANG_WARN__DUPLICATE_METHOD_MATCH = YES;
				COPY_PHASE_STRIP = NO;
				DEBUG_INFORMATION_FORMAT = dwarf;
				ENABLE_STRICT_OBJC_MSGSEND = YES;
				ENABLE_TESTABILITY = YES;
				GCC_C_LANGUAGE_STANDARD = gnu11;
				GCC_DYNAMIC_NO_PIC = NO;
				GCC_NO_COMMON_BLOCKS = YES;
				GCC_OPTIMIZATION_LEVEL = 0;
				GCC_PREPROCESSOR_DEFINITIONS = (
					"DEBUG=1",
					"$(inherited)",
				);
				GCC_WARN_64_TO_32_BIT_CONVERSION = YES;
				GCC_WARN_ABOUT_RETURN_TYPE = YES_ERROR;
				GCC_WARN_UNDECLARED_SELECTOR = YES;
				GCC_WARN_UNINITIALIZED_AUTOS = YES_AGGRESSIVE;
				GCC_WARN_UNUSED_FUNCTION = YES;
				GCC_WARN_UNUSED_VARIABLE = YES;
				IPHONEOS_DEPLOYMENT_TARGET = 15.2;
				MTL_ENABLE_DEBUG_INFO = INCLUDE_SOURCE;
				MTL_FAST_MATH = YES;
				ONLY_ACTIVE_ARCH = YES;
				SDKROOT = iphoneos;
				SWIFT_ACTIVE_COMPILATION_CONDITIONS = DEBUG;
				SWIFT_OPTIMIZATION_LEVEL = "-Onone";
			};
			name = Debug;
		};
		66B5AFC027911D0100D9ADE0 /* Release */ = {
			isa = XCBuildConfiguration;
			buildSettings = {
				ALWAYS_SEARCH_USER_PATHS = NO;
				CLANG_ANALYZER_NONNULL = YES;
				CLANG_ANALYZER_NUMBER_OBJECT_CONVERSION = YES_AGGRESSIVE;
				CLANG_CXX_LANGUAGE_STANDARD = "gnu++17";
				CLANG_CXX_LIBRARY = "libc++";
				CLANG_ENABLE_MODULES = YES;
				CLANG_ENABLE_OBJC_ARC = YES;
				CLANG_ENABLE_OBJC_WEAK = YES;
				CLANG_WARN_BLOCK_CAPTURE_AUTORELEASING = YES;
				CLANG_WARN_BOOL_CONVERSION = YES;
				CLANG_WARN_COMMA = YES;
				CLANG_WARN_CONSTANT_CONVERSION = YES;
				CLANG_WARN_DEPRECATED_OBJC_IMPLEMENTATIONS = YES;
				CLANG_WARN_DIRECT_OBJC_ISA_USAGE = YES_ERROR;
				CLANG_WARN_DOCUMENTATION_COMMENTS = YES;
				CLANG_WARN_EMPTY_BODY = YES;
				CLANG_WARN_ENUM_CONVERSION = YES;
				CLANG_WARN_INFINITE_RECURSION = YES;
				CLANG_WARN_INT_CONVERSION = YES;
				CLANG_WARN_NON_LITERAL_NULL_CONVERSION = YES;
				CLANG_WARN_OBJC_IMPLICIT_RETAIN_SELF = YES;
				CLANG_WARN_OBJC_LITERAL_CONVERSION = YES;
				CLANG_WARN_OBJC_ROOT_CLASS = YES_ERROR;
				CLANG_WARN_QUOTED_INCLUDE_IN_FRAMEWORK_HEADER = YES;
				CLANG_WARN_RANGE_LOOP_ANALYSIS = YES;
				CLANG_WARN_STRICT_PROTOTYPES = YES;
				CLANG_WARN_SUSPICIOUS_MOVE = YES;
				CLANG_WARN_UNGUARDED_AVAILABILITY = YES_AGGRESSIVE;
				CLANG_WARN_UNREACHABLE_CODE = YES;
				CLANG_WARN__DUPLICATE_METHOD_MATCH = YES;
				COPY_PHASE_STRIP = NO;
				DEBUG_INFORMATION_FORMAT = "dwarf-with-dsym";
				ENABLE_NS_ASSERTIONS = NO;
				ENABLE_STRICT_OBJC_MSGSEND = YES;
				GCC_C_LANGUAGE_STANDARD = gnu11;
				GCC_NO_COMMON_BLOCKS = YES;
				GCC_WARN_64_TO_32_BIT_CONVERSION = YES;
				GCC_WARN_ABOUT_RETURN_TYPE = YES_ERROR;
				GCC_WARN_UNDECLARED_SELECTOR = YES;
				GCC_WARN_UNINITIALIZED_AUTOS = YES_AGGRESSIVE;
				GCC_WARN_UNUSED_FUNCTION = YES;
				GCC_WARN_UNUSED_VARIABLE = YES;
				IPHONEOS_DEPLOYMENT_TARGET = 15.2;
				MTL_ENABLE_DEBUG_INFO = NO;
				MTL_FAST_MATH = YES;
				SDKROOT = iphoneos;
				SWIFT_COMPILATION_MODE = wholemodule;
				SWIFT_OPTIMIZATION_LEVEL = "-O";
				VALIDATE_PRODUCT = YES;
			};
			name = Release;
		};
		66B5AFC227911D0100D9ADE0 /* Debug */ = {
			isa = XCBuildConfiguration;
			baseConfigurationReference = 4E6E59E0D0424488A5493E81 /* Pods-iBMR.debug.xcconfig */;
			buildSettings = {
				ASSETCATALOG_COMPILER_APPICON_NAME = AppIcon;
				ASSETCATALOG_COMPILER_GLOBAL_ACCENT_COLOR_NAME = AccentColor;
				CODE_SIGN_STYLE = Automatic;
				CURRENT_PROJECT_VERSION = 1;
				DEVELOPMENT_ASSET_PATHS = "\"iBMR/Preview Content\"";
				DEVELOPMENT_TEAM = ELR2YX4DKY;
				ENABLE_PREVIEWS = YES;
				GENERATE_INFOPLIST_FILE = YES;
				INFOPLIST_KEY_UIApplicationSceneManifest_Generation = YES;
				INFOPLIST_KEY_UIApplicationSupportsIndirectInputEvents = YES;
				INFOPLIST_KEY_UILaunchScreen_Generation = YES;
				INFOPLIST_KEY_UISupportedInterfaceOrientations_iPad = "UIInterfaceOrientationPortrait UIInterfaceOrientationPortraitUpsideDown UIInterfaceOrientationLandscapeLeft UIInterfaceOrientationLandscapeRight";
				INFOPLIST_KEY_UISupportedInterfaceOrientations_iPhone = "UIInterfaceOrientationPortrait UIInterfaceOrientationLandscapeLeft UIInterfaceOrientationLandscapeRight";
				LD_RUNPATH_SEARCH_PATHS = (
					"$(inherited)",
					"@executable_path/Frameworks",
				);
				MARKETING_VERSION = 1.0;
				PRODUCT_BUNDLE_IDENTIFIER = app.cherrystudio.iBMR;
				PRODUCT_NAME = "$(TARGET_NAME)";
				SWIFT_EMIT_LOC_STRINGS = YES;
				SWIFT_VERSION = 5.0;
				TARGETED_DEVICE_FAMILY = "1,2";
			};
			name = Debug;
		};
		66B5AFC327911D0100D9ADE0 /* Release */ = {
			isa = XCBuildConfiguration;
			baseConfigurationReference = 3A317F4A09939A604DBB88C1 /* Pods-iBMR.release.xcconfig */;
			buildSettings = {
				ASSETCATALOG_COMPILER_APPICON_NAME = AppIcon;
				ASSETCATALOG_COMPILER_GLOBAL_ACCENT_COLOR_NAME = AccentColor;
				CODE_SIGN_STYLE = Automatic;
				CURRENT_PROJECT_VERSION = 1;
				DEVELOPMENT_ASSET_PATHS = "\"iBMR/Preview Content\"";
				DEVELOPMENT_TEAM = ELR2YX4DKY;
				ENABLE_PREVIEWS = YES;
				GENERATE_INFOPLIST_FILE = YES;
				INFOPLIST_KEY_UIApplicationSceneManifest_Generation = YES;
				INFOPLIST_KEY_UIApplicationSupportsIndirectInputEvents = YES;
				INFOPLIST_KEY_UILaunchScreen_Generation = YES;
				INFOPLIST_KEY_UISupportedInterfaceOrientations_iPad = "UIInterfaceOrientationPortrait UIInterfaceOrientationPortraitUpsideDown UIInterfaceOrientationLandscapeLeft UIInterfaceOrientationLandscapeRight";
				INFOPLIST_KEY_UISupportedInterfaceOrientations_iPhone = "UIInterfaceOrientationPortrait UIInterfaceOrientationLandscapeLeft UIInterfaceOrientationLandscapeRight";
				LD_RUNPATH_SEARCH_PATHS = (
					"$(inherited)",
					"@executable_path/Frameworks",
				);
				MARKETING_VERSION = 1.0;
				PRODUCT_BUNDLE_IDENTIFIER = app.cherrystudio.iBMR;
				PRODUCT_NAME = "$(TARGET_NAME)";
				SWIFT_EMIT_LOC_STRINGS = YES;
				SWIFT_VERSION = 5.0;
				TARGETED_DEVICE_FAMILY = "1,2";
			};
			name = Release;
		};
/* End XCBuildConfiguration section */

/* Begin XCConfigurationList section */
		66B5AFAE27911D0000D9ADE0 /* Build configuration list for PBXProject "iBMR" */ = {
			isa = XCConfigurationList;
			buildConfigurations = (
				66B5AFBF27911D0100D9ADE0 /* Debug */,
				66B5AFC027911D0100D9ADE0 /* Release */,
			);
			defaultConfigurationIsVisible = 0;
			defaultConfigurationName = Release;
		};
		66B5AFC127911D0100D9ADE0 /* Build configuration list for PBXNativeTarget "iBMR" */ = {
			isa = XCConfigurationList;
			buildConfigurations = (
				66B5AFC227911D0100D9ADE0 /* Debug */,
				66B5AFC327911D0100D9ADE0 /* Release */,
			);
			defaultConfigurationIsVisible = 0;
			defaultConfigurationName = Release;
		};
/* End XCConfigurationList section */
	};
	rootObject = 66B5AFAB27911D0000D9ADE0 /* Project object */;
}
